
Microsoft Visual Studio Solution File, Format Version 12.00
# Visual Studio 15
VisualStudioVersion = 15.0.27703.2035
MinimumVisualStudioVersion = 10.0.40219.1
Project("{8BC9CEB8-8B4A-11D0-8D11-00A0C91BC942}") = "Diablo", "Diablo.vcxproj", "{23114A83-7D81-4F17-A6B8-2FC51F3D72F2}"
EndProject
Project("{8BC9CEB8-8B4A-11D0-8D11-00A0C91BC942}") = "DiabloUI", "DiabloUI\DiabloUI.vcxproj", "{8408E35E-3CF5-4D4E-B873-AF3952CDABD4}"
EndProject
Project("{8BC9CEB8-8B4A-11D0-8D11-00A0C91BC942}") = "Storm", "3rdParty\Storm\Source\Storm.vcxproj", "{B28F69CE-15A1-424D-BBB5-2727258D675B}"
EndProject
Global
	GlobalSection(SolutionConfigurationPlatforms) = preSolution
		Debug|x86 = Debug|x86
		Release|x86 = Release|x86
	EndGlobalSection
	GlobalSection(ProjectConfigurationPlatforms) = postSolution
		{23114A83-7D81-4F17-A6B8-2FC51F3D72F2}.Debug|x86.ActiveCfg = Debug|Win32
		{23114A83-7D81-4F17-A6B8-2FC51F3D72F2}.Debug|x86.Build.0 = Debug|Win32
		{23114A83-7D81-4F17-A6B8-2FC51F3D72F2}.Release|x86.ActiveCfg = Release|Win32
		{23114A83-7D81-4F17-A6B8-2FC51F3D72F2}.Release|x86.Build.0 = Release|Win32
		{8408E35E-3CF5-4D4E-B873-AF3952CDABD4}.Debug|x86.ActiveCfg = Debug|Win32
		{8408E35E-3CF5-4D4E-B873-AF3952CDABD4}.Debug|x86.Build.0 = Debug|Win32
		{8408E35E-3CF5-4D4E-B873-AF3952CDABD4}.Release|x86.ActiveCfg = Release|Win32
		{8408E35E-3CF5-4D4E-B873-AF3952CDABD4}.Release|x86.Build.0 = Release|Win32
		{B28F69CE-15A1-424D-BBB5-2727258D675B}.Debug|x86.ActiveCfg = Debug|Win32
		{B28F69CE-15A1-424D-BBB5-2727258D675B}.Debug|x86.Build.0 = Debug|Win32
		{B28F69CE-15A1-424D-BBB5-2727258D675B}.Release|x86.ActiveCfg = Release|Win32
		{B28F69CE-15A1-424D-BBB5-2727258D675B}.Release|x86.Build.0 = Release|Win32
	EndGlobalSection
	GlobalSection(SolutionProperties) = preSolution
		HideSolutionNode = FALSE
	EndGlobalSection
	GlobalSection(ExtensibilityGlobals) = postSolution
		SolutionGuid = {6252549D-BED6-405B-9D6D-42C9074D0684}
	EndGlobalSection
EndGlobal
