<?xml version="1.0" encoding="utf-8"?>
<Project ToolsVersion="4.0" xmlns="http://schemas.microsoft.com/developer/msbuild/2003">
  <ItemGroup>
    <Filter Include="Source Files">
      <UniqueIdentifier>{0fb229f0-d459-4ec9-b897-317b016e0a57}</UniqueIdentifier>
      <Extensions>cpp;c;cxx;rc;def;r;odl;idl;hpj;bat</Extensions>
    </Filter>
    <Filter Include="Resource Files">
      <UniqueIdentifier>{52f34be1-947a-42ee-b303-4a46566a14a7}</UniqueIdentifier>
      <Extensions>ico;cur;bmp;dlg;rc2;rct;bin;rgs;gif;jpg;jpeg;jpe</Extensions>
    </Filter>
    <Filter Include="Header Files">
      <UniqueIdentifier>{8003aed2-27a6-444b-8fb0-bb8a59530005}</UniqueIdentifier>
      <Extensions>h;hpp;hxx;hm;inl</Extensions>
    </Filter>
    <Filter Include="PKWare">
      <UniqueIdentifier>{5dbacde9-4fc8-4776-ba59-92912e0c8ab5}</UniqueIdentifier>
      <Extensions>cpp;c;cxx;rc;def;r;odl;idl;hpj;bat</Extensions>
    </Filter>
  </ItemGroup>
  <ItemGroup>
    <ClCompile Include="Source\appfat.cpp">
      <Filter>Source Files</Filter>
    </ClCompile>
    <ClCompile Include="Source\automap.cpp">
      <Filter>Source Files</Filter>
    </ClCompile>
    <ClCompile Include="Source\capture.cpp">
      <Filter>Source Files</Filter>
    </ClCompile>
    <ClCompile Include="Source\codec.cpp">
      <Filter>Source Files</Filter>
    </ClCompile>
    <ClCompile Include="Source\control.cpp">
      <Filter>Source Files</Filter>
    </ClCompile>
    <ClCompile Include="Source\cursor.cpp">
      <Filter>Source Files</Filter>
    </ClCompile>
    <ClCompile Include="Source\dead.cpp">
      <Filter>Source Files</Filter>
    </ClCompile>
    <ClCompile Include="Source\debug.cpp">
      <Filter>Source Files</Filter>
    </ClCompile>
    <ClCompile Include="Source\diablo.cpp">
      <Filter>Source Files</Filter>
    </ClCompile>
    <ClCompile Include="Source\doom.cpp">
      <Filter>Source Files</Filter>
    </ClCompile>
    <ClCompile Include="Source\drlg_l1.cpp">
      <Filter>Source Files</Filter>
    </ClCompile>
    <ClCompile Include="Source\drlg_l2.cpp">
      <Filter>Source Files</Filter>
    </ClCompile>
    <ClCompile Include="Source\drlg_l3.cpp">
      <Filter>Source Files</Filter>
    </ClCompile>
    <ClCompile Include="Source\drlg_l4.cpp">
      <Filter>Source Files</Filter>
    </ClCompile>
    <ClCompile Include="Source\dthread.cpp">
      <Filter>Source Files</Filter>
    </ClCompile>
    <ClCompile Include="Source\dx.cpp">
      <Filter>Source Files</Filter>
    </ClCompile>
    <ClCompile Include="Source\effects.cpp">
      <Filter>Source Files</Filter>
    </ClCompile>
    <ClCompile Include="Source\encrypt.cpp">
      <Filter>Source Files</Filter>
    </ClCompile>
    <ClCompile Include="Source\engine.cpp">
      <Filter>Source Files</Filter>
    </ClCompile>
    <ClCompile Include="Source\error.cpp">
      <Filter>Source Files</Filter>
    </ClCompile>
    <ClCompile Include="Source\fault.cpp">
      <Filter>Source Files</Filter>
    </ClCompile>
    <ClCompile Include="Source\gamemenu.cpp">
      <Filter>Source Files</Filter>
    </ClCompile>
    <ClCompile Include="Source\gendung.cpp">
      <Filter>Source Files</Filter>
    </ClCompile>
    <ClCompile Include="Source\gmenu.cpp">
      <Filter>Source Files</Filter>
    </ClCompile>
    <ClCompile Include="Source\help.cpp">
      <Filter>Source Files</Filter>
    </ClCompile>
    <ClCompile Include="Source\init.cpp">
      <Filter>Source Files</Filter>
    </ClCompile>
    <ClCompile Include="Source\interfac.cpp">
      <Filter>Source Files</Filter>
    </ClCompile>
    <ClCompile Include="Source\inv.cpp">
      <Filter>Source Files</Filter>
    </ClCompile>
    <ClCompile Include="Source\items.cpp">
      <Filter>Source Files</Filter>
    </ClCompile>
    <ClCompile Include="Source\lighting.cpp">
      <Filter>Source Files</Filter>
    </ClCompile>
    <ClCompile Include="Source\loadsave.cpp">
      <Filter>Source Files</Filter>
    </ClCompile>
    <ClCompile Include="Source\logging.cpp">
      <Filter>Source Files</Filter>
    </ClCompile>
    <ClCompile Include="Source\mainmenu.cpp">
      <Filter>Source Files</Filter>
    </ClCompile>
    <ClCompile Include="Source\minitext.cpp">
      <Filter>Source Files</Filter>
    </ClCompile>
    <ClCompile Include="Source\missiles.cpp">
      <Filter>Source Files</Filter>
    </ClCompile>
    <ClCompile Include="Source\monster.cpp">
      <Filter>Source Files</Filter>
    </ClCompile>
    <ClCompile Include="Source\movie.cpp">
      <Filter>Source Files</Filter>
    </ClCompile>
    <ClCompile Include="Source\mpqapi.cpp">
      <Filter>Source Files</Filter>
    </ClCompile>
    <ClCompile Include="Source\msg.cpp">
      <Filter>Source Files</Filter>
    </ClCompile>
    <ClCompile Include="Source\msgcmd.cpp">
      <Filter>Source Files</Filter>
    </ClCompile>
    <ClCompile Include="Source\multi.cpp">
      <Filter>Source Files</Filter>
    </ClCompile>
    <ClCompile Include="Source\nthread.cpp">
      <Filter>Source Files</Filter>
    </ClCompile>
    <ClCompile Include="Source\objects.cpp">
      <Filter>Source Files</Filter>
    </ClCompile>
    <ClCompile Include="Source\pack.cpp">
      <Filter>Source Files</Filter>
    </ClCompile>
    <ClCompile Include="Source\palette.cpp">
      <Filter>Source Files</Filter>
    </ClCompile>
    <ClCompile Include="Source\path.cpp">
      <Filter>Source Files</Filter>
    </ClCompile>
    <ClCompile Include="Source\pfile.cpp">
      <Filter>Source Files</Filter>
    </ClCompile>
    <ClCompile Include="Source\player.cpp">
      <Filter>Source Files</Filter>
    </ClCompile>
    <ClCompile Include="Source\plrmsg.cpp">
      <Filter>Source Files</Filter>
    </ClCompile>
    <ClCompile Include="Source\portal.cpp">
      <Filter>Source Files</Filter>
    </ClCompile>
    <ClCompile Include="Source\quests.cpp">
      <Filter>Source Files</Filter>
    </ClCompile>
    <ClCompile Include="Source\restrict.cpp">
      <Filter>Source Files</Filter>
    </ClCompile>
    <ClCompile Include="Source\scrollrt.cpp">
      <Filter>Source Files</Filter>
    </ClCompile>
    <ClCompile Include="Source\setmaps.cpp">
      <Filter>Source Files</Filter>
    </ClCompile>
    <ClCompile Include="Source\sha.cpp">
      <Filter>Source Files</Filter>
    </ClCompile>
    <ClCompile Include="Source\sound.cpp">
      <Filter>Source Files</Filter>
    </ClCompile>
    <ClCompile Include="Source\spells.cpp">
      <Filter>Source Files</Filter>
    </ClCompile>
    <ClCompile Include="Source\stores.cpp">
      <Filter>Source Files</Filter>
    </ClCompile>
    <ClCompile Include="Source\sync.cpp">
      <Filter>Source Files</Filter>
    </ClCompile>
    <ClCompile Include="Source\textdat.cpp">
      <Filter>Source Files</Filter>
    </ClCompile>
    <ClCompile Include="Source\themes.cpp">
      <Filter>Source Files</Filter>
    </ClCompile>
    <ClCompile Include="Source\tmsg.cpp">
      <Filter>Source Files</Filter>
    </ClCompile>
    <ClCompile Include="Source\town.cpp">
      <Filter>Source Files</Filter>
    </ClCompile>
    <ClCompile Include="Source\towners.cpp">
      <Filter>Source Files</Filter>
    </ClCompile>
    <ClCompile Include="Source\track.cpp">
      <Filter>Source Files</Filter>
    </ClCompile>
    <ClCompile Include="Source\trigs.cpp">
      <Filter>Source Files</Filter>
    </ClCompile>
    <ClCompile Include="Source\wave.cpp">
      <Filter>Source Files</Filter>
    </ClCompile>
    <ClCompile Include="Source\render.cpp">
      <Filter>Source Files</Filter>
    </ClCompile>
    <ClCompile Include="3rdParty\PKWare\explode.cpp">
      <Filter>PKWare</Filter>
    </ClCompile>
    <ClCompile Include="3rdParty\PKWare\implode.cpp">
      <Filter>PKWare</Filter>
    </ClCompile>
  </ItemGroup>
  <ItemGroup>
    <Image Include="Diablo.ico">
      <Filter>Resource Files</Filter>
    </Image>
  </ItemGroup>
  <ItemGroup>
    <ResourceCompile Include="Diablo.rc">
      <Filter>Resource Files</Filter>
    </ResourceCompile>
  </ItemGroup>
  <ItemGroup>
    <ClInclude Include="resource.h">
      <Filter>Header Files</Filter>
    </ClInclude>
    <ClInclude Include="Source\appfat.h">
      <Filter>Header Files</Filter>
    </ClInclude>
    <ClInclude Include="Source\automap.h">
      <Filter>Header Files</Filter>
    </ClInclude>
    <ClInclude Include="Source\capture.h">
      <Filter>Header Files</Filter>
    </ClInclude>
    <ClInclude Include="Source\codec.h">
      <Filter>Header Files</Filter>
    </ClInclude>
    <ClInclude Include="Source\control.h">
      <Filter>Header Files</Filter>
    </ClInclude>
    <ClInclude Include="Source\cursor.h">
      <Filter>Header Files</Filter>
    </ClInclude>
    <ClInclude Include="Source\dead.h">
      <Filter>Header Files</Filter>
    </ClInclude>
    <ClInclude Include="Source\debug.h">
      <Filter>Header Files</Filter>
    </ClInclude>
    <ClInclude Include="Source\diablo.h">
      <Filter>Header Files</Filter>
    </ClInclude>
    <ClInclude Include="Source\doom.h">
      <Filter>Header Files</Filter>
    </ClInclude>
    <ClInclude Include="Source\drlg_l1.h">
      <Filter>Header Files</Filter>
    </ClInclude>
    <ClInclude Include="Source\drlg_l2.h">
      <Filter>Header Files</Filter>
    </ClInclude>
    <ClInclude Include="Source\drlg_l3.h">
      <Filter>Header Files</Filter>
    </ClInclude>
    <ClInclude Include="Source\drlg_l4.h">
      <Filter>Header Files</Filter>
    </ClInclude>
    <ClInclude Include="Source\dthread.h">
      <Filter>Header Files</Filter>
    </ClInclude>
    <ClInclude Include="Source\dx.h">
      <Filter>Header Files</Filter>
    </ClInclude>
    <ClInclude Include="Source\effects.h">
      <Filter>Header Files</Filter>
    </ClInclude>
    <ClInclude Include="Source\encrypt.h">
      <Filter>Header Files</Filter>
    </ClInclude>
    <ClInclude Include="Source\engine.h">
      <Filter>Header Files</Filter>
    </ClInclude>
    <ClInclude Include="Source\error.h">
      <Filter>Header Files</Filter>
    </ClInclude>
    <ClInclude Include="Source\fault.h">
      <Filter>Header Files</Filter>
    </ClInclude>
    <ClInclude Include="Source\gamemenu.h">
      <Filter>Header Files</Filter>
    </ClInclude>
    <ClInclude Include="Source\gendung.h">
      <Filter>Header Files</Filter>
    </ClInclude>
    <ClInclude Include="Source\gmenu.h">
      <Filter>Header Files</Filter>
    </ClInclude>
    <ClInclude Include="Source\help.h">
      <Filter>Header Files</Filter>
    </ClInclude>
    <ClInclude Include="Source\init.h">
      <Filter>Header Files</Filter>
    </ClInclude>
    <ClInclude Include="Source\interfac.h">
      <Filter>Header Files</Filter>
    </ClInclude>
    <ClInclude Include="Source\inv.h">
      <Filter>Header Files</Filter>
    </ClInclude>
    <ClInclude Include="Source\items.h">
      <Filter>Header Files</Filter>
    </ClInclude>
    <ClInclude Include="Source\lighting.h">
      <Filter>Header Files</Filter>
    </ClInclude>
    <ClInclude Include="Source\loadsave.h">
      <Filter>Header Files</Filter>
    </ClInclude>
    <ClInclude Include="Source\logging.h">
      <Filter>Header Files</Filter>
    </ClInclude>
    <ClInclude Include="Source\mainmenu.h">
      <Filter>Header Files</Filter>
    </ClInclude>
    <ClInclude Include="Source\minitext.h">
      <Filter>Header Files</Filter>
    </ClInclude>
    <ClInclude Include="Source\missiles.h">
      <Filter>Header Files</Filter>
    </ClInclude>
    <ClInclude Include="Source\monster.h">
      <Filter>Header Files</Filter>
    </ClInclude>
    <ClInclude Include="Source\movie.h">
      <Filter>Header Files</Filter>
    </ClInclude>
    <ClInclude Include="Source\mpqapi.h">
      <Filter>Header Files</Filter>
    </ClInclude>
    <ClInclude Include="Source\msg.h">
      <Filter>Header Files</Filter>
    </ClInclude>
    <ClInclude Include="Source\msgcmd.h">
      <Filter>Header Files</Filter>
    </ClInclude>
    <ClInclude Include="Source\multi.h">
      <Filter>Header Files</Filter>
    </ClInclude>
    <ClInclude Include="Source\nthread.h">
      <Filter>Header Files</Filter>
    </ClInclude>
    <ClInclude Include="Source\objects.h">
      <Filter>Header Files</Filter>
    </ClInclude>
    <ClInclude Include="Source\pack.h">
      <Filter>Header Files</Filter>
    </ClInclude>
    <ClInclude Include="Source\palette.h">
      <Filter>Header Files</Filter>
    </ClInclude>
    <ClInclude Include="Source\path.h">
      <Filter>Header Files</Filter>
    </ClInclude>
    <ClInclude Include="Source\pfile.h">
      <Filter>Header Files</Filter>
    </ClInclude>
    <ClInclude Include="Source\player.h">
      <Filter>Header Files</Filter>
    </ClInclude>
    <ClInclude Include="Source\plrmsg.h">
      <Filter>Header Files</Filter>
    </ClInclude>
    <ClInclude Include="Source\portal.h">
      <Filter>Header Files</Filter>
    </ClInclude>
    <ClInclude Include="Source\quests.h">
      <Filter>Header Files</Filter>
    </ClInclude>
    <ClInclude Include="Source\restrict.h">
      <Filter>Header Files</Filter>
    </ClInclude>
    <ClInclude Include="Source\scrollrt.h">
      <Filter>Header Files</Filter>
    </ClInclude>
    <ClInclude Include="Source\setmaps.h">
      <Filter>Header Files</Filter>
    </ClInclude>
    <ClInclude Include="Source\sha.h">
      <Filter>Header Files</Filter>
    </ClInclude>
    <ClInclude Include="Source\sound.h">
      <Filter>Header Files</Filter>
    </ClInclude>
    <ClInclude Include="Source\spells.h">
      <Filter>Header Files</Filter>
    </ClInclude>
    <ClInclude Include="Source\stores.h">
      <Filter>Header Files</Filter>
    </ClInclude>
    <ClInclude Include="Source\sync.h">
      <Filter>Header Files</Filter>
    </ClInclude>
    <ClInclude Include="Source\textdat.h">
      <Filter>Header Files</Filter>
    </ClInclude>
    <ClInclude Include="Source\themes.h">
      <Filter>Header Files</Filter>
    </ClInclude>
    <ClInclude Include="Source\tmsg.h">
      <Filter>Header Files</Filter>
    </ClInclude>
    <ClInclude Include="Source\town.h">
      <Filter>Header Files</Filter>
    </ClInclude>
    <ClInclude Include="Source\towners.h">
      <Filter>Header Files</Filter>
    </ClInclude>
    <ClInclude Include="Source\track.h">
      <Filter>Header Files</Filter>
    </ClInclude>
    <ClInclude Include="Source\trigs.h">
      <Filter>Header Files</Filter>
    </ClInclude>
    <ClInclude Include="Source\wave.h">
      <Filter>Header Files</Filter>
    </ClInclude>
    <ClInclude Include="Source\render.h">
      <Filter>Header Files</Filter>
    </ClInclude>
    <ClInclude Include="defs.h">
      <Filter>Header Files</Filter>
    </ClInclude>
    <ClInclude Include="enums.h">
      <Filter>Header Files</Filter>
    </ClInclude>
    <ClInclude Include="structs.h">
      <Filter>Header Files</Filter>
    </ClInclude>
    <ClInclude Include="types.h">
      <Filter>Header Files</Filter>
    </ClInclude>
    <ClInclude Include="3rdParty\PKWare\pkware.h">
      <Filter>PKWare</Filter>
    </ClInclude>
  </ItemGroup>
</Project>
