// !$*UTF8*$!
{
	archiveVersion = 1;
	classes = {
	};
	objectVersion = 46;
	objects = {

/* Begin PBXBuildFile section */
		032E95600DA8694091B99E01 /* spelldat.cpp in Sources */ = {isa = PBXBuildFile; fileRef = BF5EF1B0CBE63E676700D98F /* spelldat.cpp */; };
		2C3599B2CA5DBDB42B1BE7A8 /* monstdat.cpp in Sources */ = {isa = PBXBuildFile; fileRef = DE0A12E19BA25264D89498BD /* monstdat.cpp */; };
		433449A42240500B003AB4F2 /* libpng16.16.dylib in Embed Libraries */ = {isa = PBXBuildFile; fileRef = 433449A222404FFA003AB4F2 /* libpng16.16.dylib */; settings = {ATTRIBUTES = (CodeSignOnCopy, ); }; };
		43398749223E5D3A001F8420 /* SDL2_mixer.framework in Frameworks */ = {isa = PBXBuildFile; fileRef = 43398741223E5CB0001F8420 /* SDL2_mixer.framework */; };
		4339874A223E5D3A001F8420 /* SDL2_mixer.framework in Embed Libraries */ = {isa = PBXBuildFile; fileRef = 43398741223E5CB0001F8420 /* SDL2_mixer.framework */; settings = {ATTRIBUTES = (CodeSignOnCopy, RemoveHeadersOnCopy, ); }; };
		4339874B223E5D3A001F8420 /* SDL2_ttf.framework in Frameworks */ = {isa = PBXBuildFile; fileRef = 4339873F223E5CAB001F8420 /* SDL2_ttf.framework */; };
		4339874C223E5D3A001F8420 /* SDL2_ttf.framework in Embed Libraries */ = {isa = PBXBuildFile; fileRef = 4339873F223E5CAB001F8420 /* SDL2_ttf.framework */; settings = {ATTRIBUTES = (CodeSignOnCopy, RemoveHeadersOnCopy, ); }; };
		4339874E223E5D3A001F8420 /* SDL2.framework in Embed Libraries */ = {isa = PBXBuildFile; fileRef = 4339873D223E5C1A001F8420 /* SDL2.framework */; settings = {ATTRIBUTES = (CodeSignOnCopy, RemoveHeadersOnCopy, ); }; };
		43398752223E5E0E001F8420 /* SDL2.framework in Frameworks */ = {isa = PBXBuildFile; fileRef = 4339873D223E5C1A001F8420 /* SDL2.framework */; };
		436280812236241F00C911AD /* libdevilution.a in Frameworks */ = {isa = PBXBuildFile; fileRef = 3ECD637555514971BCD3E90E /* libdevilution.a */; };
		436280822236241F00C911AD /* libPKWare.a in Frameworks */ = {isa = PBXBuildFile; fileRef = 646292CBB776434AA4CA1C94 /* libPKWare.a */; };
		436280832236241F00C911AD /* libRadon.a in Frameworks */ = {isa = PBXBuildFile; fileRef = 92E1DAF5C7BA48E5A1E39C04 /* libRadon.a */; };
		436280842236241F00C911AD /* libsmacker.a in Frameworks */ = {isa = PBXBuildFile; fileRef = DCC453E263C842279A5E02E7 /* libsmacker.a */; };
		436280852236241F00C911AD /* libStormLib.a in Frameworks */ = {isa = PBXBuildFile; fileRef = F249E02C422E4EC2B812E004 /* libStormLib.a */; };
		436280B32236351000C911AD /* CoreAudio.framework in Frameworks */ = {isa = PBXBuildFile; fileRef = 436280B22236351000C911AD /* CoreAudio.framework */; };
		436280B52236352000C911AD /* AudioUnit.framework in Frameworks */ = {isa = PBXBuildFile; fileRef = 436280B42236352000C911AD /* AudioUnit.framework */; };
		436280B72236354100C911AD /* Cocoa.framework in Frameworks */ = {isa = PBXBuildFile; fileRef = 436280B62236354100C911AD /* Cocoa.framework */; };
		4362B4F9223E127E00633F20 /* Info.plist in Resources */ = {isa = PBXBuildFile; fileRef = 4362B4F8223E127E00633F20 /* Info.plist */; };
		4362B51E223E2B8600633F20 /* SFileFindFile.cpp in Sources */ = {isa = PBXBuildFile; fileRef = 4362B513223E2B8500633F20 /* SFileFindFile.cpp */; };
		4362B51F223E2B8600633F20 /* SFileGetFileInfo.cpp in Sources */ = {isa = PBXBuildFile; fileRef = 4362B514223E2B8500633F20 /* SFileGetFileInfo.cpp */; };
		4362B520223E2B8600633F20 /* SFileOpenArchive.cpp in Sources */ = {isa = PBXBuildFile; fileRef = 4362B515223E2B8500633F20 /* SFileOpenArchive.cpp */; };
		4362B521223E2B8600633F20 /* SFileOpenFileEx.cpp in Sources */ = {isa = PBXBuildFile; fileRef = 4362B516223E2B8600633F20 /* SFileOpenFileEx.cpp */; };
		4362B522223E2B8600633F20 /* SBaseSubTypes.cpp in Sources */ = {isa = PBXBuildFile; fileRef = 4362B517223E2B8600633F20 /* SBaseSubTypes.cpp */; };
		4362B523223E2B8600633F20 /* SBaseFileTable.cpp in Sources */ = {isa = PBXBuildFile; fileRef = 4362B518223E2B8600633F20 /* SBaseFileTable.cpp */; };
		4362B524223E2B8600633F20 /* SCompression.cpp in Sources */ = {isa = PBXBuildFile; fileRef = 4362B519223E2B8600633F20 /* SCompression.cpp */; };
		4362B525223E2B8600633F20 /* SFileReadFile.cpp in Sources */ = {isa = PBXBuildFile; fileRef = 4362B51A223E2B8600633F20 /* SFileReadFile.cpp */; };
		4362B526223E2B8600633F20 /* SBaseCommon.cpp in Sources */ = {isa = PBXBuildFile; fileRef = 4362B51B223E2B8600633F20 /* SBaseCommon.cpp */; };
		4362B527223E2B8600633F20 /* SFileExtractFile.cpp in Sources */ = {isa = PBXBuildFile; fileRef = 4362B51C223E2B8600633F20 /* SFileExtractFile.cpp */; };
		4362B528223E2B8600633F20 /* FileStream.cpp in Sources */ = {isa = PBXBuildFile; fileRef = 4362B51D223E2B8600633F20 /* FileStream.cpp */; };
		43B6C7CA224068AB007313EA /* abstract_net.cpp in Sources */ = {isa = PBXBuildFile; fileRef = 43B6C7992240688A007313EA /* abstract_net.cpp */; };
		43B6C7CB224068AB007313EA /* base.cpp in Sources */ = {isa = PBXBuildFile; fileRef = 43B6C79022406888007313EA /* base.cpp */; };
		43B6C7CC224068AB007313EA /* credits.cpp in Sources */ = {isa = PBXBuildFile; fileRef = 43B6C7A92240688C007313EA /* credits.cpp */; };
		43B6C7CD224068AB007313EA /* diabloui.cpp in Sources */ = {isa = PBXBuildFile; fileRef = 43B6C79122406889007313EA /* diabloui.cpp */; };
		43B6C7CE224068AB007313EA /* dialogs.cpp in Sources */ = {isa = PBXBuildFile; fileRef = 43B6C7AA2240688D007313EA /* dialogs.cpp */; };
		43B6C7D0224068AB007313EA /* dx.cpp in Sources */ = {isa = PBXBuildFile; fileRef = 43B6C7A02240688B007313EA /* dx.cpp */; };
		43B6C7D1224068AB007313EA /* frame_queue.cpp in Sources */ = {isa = PBXBuildFile; fileRef = 43B6C79A2240688A007313EA /* frame_queue.cpp */; };
		43B6C7D2224068AB007313EA /* loopback.cpp in Sources */ = {isa = PBXBuildFile; fileRef = 43B6C7A62240688C007313EA /* loopback.cpp */; };
		43B6C7D3224068AB007313EA /* main.cpp in Sources */ = {isa = PBXBuildFile; fileRef = 43B6C79722406889007313EA /* main.cpp */; };
		43B6C7D4224068AB007313EA /* mainmenu.cpp in Sources */ = {isa = PBXBuildFile; fileRef = 43B6C79222406889007313EA /* mainmenu.cpp */; };
		43B6C7D5224068AB007313EA /* misc_dx.cpp in Sources */ = {isa = PBXBuildFile; fileRef = 43B6C78F22406888007313EA /* misc_dx.cpp */; };
		43B6C7D9224068AB007313EA /* packet.cpp in Sources */ = {isa = PBXBuildFile; fileRef = 43B6C79522406889007313EA /* packet.cpp */; };
		43B6C7DA224068AB007313EA /* progress.cpp in Sources */ = {isa = PBXBuildFile; fileRef = 43B6C79322406889007313EA /* progress.cpp */; };
		43B6C7DB224068AB007313EA /* rand.cpp in Sources */ = {isa = PBXBuildFile; fileRef = 43B6C7A22240688B007313EA /* rand.cpp */; };
		43B6C7DC224068AB007313EA /* selconn.cpp in Sources */ = {isa = PBXBuildFile; fileRef = 43B6C79422406889007313EA /* selconn.cpp */; };
		43B6C7DD224068AB007313EA /* selgame.cpp in Sources */ = {isa = PBXBuildFile; fileRef = 43B6C7A42240688B007313EA /* selgame.cpp */; };
		43B6C7DE224068AB007313EA /* selhero.cpp in Sources */ = {isa = PBXBuildFile; fileRef = 43B6C7A72240688C007313EA /* selhero.cpp */; };
		43B6C7DF224068AB007313EA /* sound.cpp in Sources */ = {isa = PBXBuildFile; fileRef = 43B6C79D2240688A007313EA /* sound.cpp */; };
		43B6C7E0224068AB007313EA /* storm_dx.cpp in Sources */ = {isa = PBXBuildFile; fileRef = 43B6C7A82240688C007313EA /* storm_dx.cpp */; };
		43B6C7E1224068AB007313EA /* storm_net.cpp in Sources */ = {isa = PBXBuildFile; fileRef = 43B6C79622406889007313EA /* storm_net.cpp */; };
		43B6C7E2224068AB007313EA /* storm.cpp in Sources */ = {isa = PBXBuildFile; fileRef = 43B6C7AB2240688D007313EA /* storm.cpp */; };
		43B6C7E3224068AB007313EA /* tcp_client.cpp in Sources */ = {isa = PBXBuildFile; fileRef = 43B6C7A12240688B007313EA /* tcp_client.cpp */; };
		43B6C7E4224068AB007313EA /* tcp_server.cpp in Sources */ = {isa = PBXBuildFile; fileRef = 43B6C7A52240688C007313EA /* tcp_server.cpp */; };
		43B6C7E6224068AB007313EA /* title.cpp in Sources */ = {isa = PBXBuildFile; fileRef = 43B6C79F2240688B007313EA /* title.cpp */; };
		43B6C7E7224068AB007313EA /* udp_p2p.cpp in Sources */ = {isa = PBXBuildFile; fileRef = 43B6C78E22406888007313EA /* udp_p2p.cpp */; };
		43B6C82A224068CF007313EA /* appfat.cpp in Sources */ = {isa = PBXBuildFile; fileRef = 43B6C72B2240686D007313EA /* appfat.cpp */; };
		43B6C82B224068CF007313EA /* automap.cpp in Sources */ = {isa = PBXBuildFile; fileRef = 43B6C7212240686A007313EA /* automap.cpp */; };
		43B6C82C224068CF007313EA /* capture.cpp in Sources */ = {isa = PBXBuildFile; fileRef = 43B6C7312240686F007313EA /* capture.cpp */; };
		43B6C82D224068CF007313EA /* codec.cpp in Sources */ = {isa = PBXBuildFile; fileRef = 43B6C74622406874007313EA /* codec.cpp */; };
		43B6C82E224068CF007313EA /* control.cpp in Sources */ = {isa = PBXBuildFile; fileRef = 43B6C71F2240686A007313EA /* control.cpp */; };
		43B6C82F224068CF007313EA /* cursor.cpp in Sources */ = {isa = PBXBuildFile; fileRef = 43B6C70E22406867007313EA /* cursor.cpp */; };
		43B6C830224068CF007313EA /* dead.cpp in Sources */ = {isa = PBXBuildFile; fileRef = 43B6C71522406868007313EA /* dead.cpp */; };
		43B6C831224068CF007313EA /* debug.cpp in Sources */ = {isa = PBXBuildFile; fileRef = 43B6C71D22406869007313EA /* debug.cpp */; };
		43B6C832224068CF007313EA /* diablo.cpp in Sources */ = {isa = PBXBuildFile; fileRef = 43B6C73F22406873007313EA /* diablo.cpp */; };
		43B6C833224068CF007313EA /* doom.cpp in Sources */ = {isa = PBXBuildFile; fileRef = 43B6C7252240686B007313EA /* doom.cpp */; };
		43B6C834224068CF007313EA /* drlg_l1.cpp in Sources */ = {isa = PBXBuildFile; fileRef = 43B6C71222406867007313EA /* drlg_l1.cpp */; };
		43B6C835224068CF007313EA /* drlg_l2.cpp in Sources */ = {isa = PBXBuildFile; fileRef = 43B6C73722406871007313EA /* drlg_l2.cpp */; };
		43B6C836224068CF007313EA /* drlg_l3.cpp in Sources */ = {isa = PBXBuildFile; fileRef = 43B6C71322406868007313EA /* drlg_l3.cpp */; };
		43B6C837224068CF007313EA /* drlg_l4.cpp in Sources */ = {isa = PBXBuildFile; fileRef = 43B6C73822406871007313EA /* drlg_l4.cpp */; };
		43B6C838224068CF007313EA /* dthread.cpp in Sources */ = {isa = PBXBuildFile; fileRef = 43B6C73E22406872007313EA /* dthread.cpp */; };
		43B6C839224068CF007313EA /* effects.cpp in Sources */ = {isa = PBXBuildFile; fileRef = 43B6C73B22406872007313EA /* effects.cpp */; };
		43B6C83A224068CF007313EA /* encrypt.cpp in Sources */ = {isa = PBXBuildFile; fileRef = 43B6C74022406873007313EA /* encrypt.cpp */; };
		43B6C83B224068CF007313EA /* engine.cpp in Sources */ = {isa = PBXBuildFile; fileRef = 43B6C73522406870007313EA /* engine.cpp */; };
		43B6C83C224068CF007313EA /* error.cpp in Sources */ = {isa = PBXBuildFile; fileRef = 43B6C70A22406866007313EA /* error.cpp */; };
		43B6C83D224068CF007313EA /* fault.cpp in Sources */ = {isa = PBXBuildFile; fileRef = 43B6C7202240686A007313EA /* fault.cpp */; };
		43B6C83E224068CF007313EA /* gamemenu.cpp in Sources */ = {isa = PBXBuildFile; fileRef = 43B6C72E2240686E007313EA /* gamemenu.cpp */; };
		43B6C83F224068CF007313EA /* gendung.cpp in Sources */ = {isa = PBXBuildFile; fileRef = 43B6C71C22406869007313EA /* gendung.cpp */; };
		43B6C840224068CF007313EA /* gmenu.cpp in Sources */ = {isa = PBXBuildFile; fileRef = 43B6C70B22406866007313EA /* gmenu.cpp */; };
		43B6C841224068CF007313EA /* help.cpp in Sources */ = {isa = PBXBuildFile; fileRef = 43B6C70D22406867007313EA /* help.cpp */; };
		43B6C842224068CF007313EA /* init.cpp in Sources */ = {isa = PBXBuildFile; fileRef = 43B6C70C22406866007313EA /* init.cpp */; };
		43B6C843224068CF007313EA /* interfac.cpp in Sources */ = {isa = PBXBuildFile; fileRef = 43B6C71422406868007313EA /* interfac.cpp */; };
		43B6C844224068CF007313EA /* inv.cpp in Sources */ = {isa = PBXBuildFile; fileRef = 43B6C73C22406872007313EA /* inv.cpp */; };
		43B6C845224068CF007313EA /* items.cpp in Sources */ = {isa = PBXBuildFile; fileRef = 43B6C71022406867007313EA /* items.cpp */; };
		43B6C846224068CF007313EA /* lighting.cpp in Sources */ = {isa = PBXBuildFile; fileRef = 43B6C74722406875007313EA /* lighting.cpp */; };
		43B6C847224068CF007313EA /* loadsave.cpp in Sources */ = {isa = PBXBuildFile; fileRef = 43B6C72F2240686F007313EA /* loadsave.cpp */; };
		43B6C848224068CF007313EA /* logging.cpp in Sources */ = {isa = PBXBuildFile; fileRef = 43B6C7222240686A007313EA /* logging.cpp */; };
		43B6C849224068CF007313EA /* mainmenu.cpp in Sources */ = {isa = PBXBuildFile; fileRef = 43B6C7302240686F007313EA /* mainmenu.cpp */; };
		43B6C84A224068CF007313EA /* minitext.cpp in Sources */ = {isa = PBXBuildFile; fileRef = 43B6C7242240686B007313EA /* minitext.cpp */; };
		43B6C84B224068CF007313EA /* missiles.cpp in Sources */ = {isa = PBXBuildFile; fileRef = 43B6C71622406868007313EA /* missiles.cpp */; };
		43B6C84C224068CF007313EA /* monster.cpp in Sources */ = {isa = PBXBuildFile; fileRef = 43B6C74822406875007313EA /* monster.cpp */; };
		43B6C84D224068CF007313EA /* movie.cpp in Sources */ = {isa = PBXBuildFile; fileRef = 43B6C72A2240686D007313EA /* movie.cpp */; };
		43B6C84E224068CF007313EA /* mpqapi.cpp in Sources */ = {isa = PBXBuildFile; fileRef = 43B6C72D2240686E007313EA /* mpqapi.cpp */; };
		43B6C84F224068CF007313EA /* msg.cpp in Sources */ = {isa = PBXBuildFile; fileRef = 43B6C71722406868007313EA /* msg.cpp */; };
		43B6C850224068CF007313EA /* msgcmd.cpp in Sources */ = {isa = PBXBuildFile; fileRef = 43B6C74922406875007313EA /* msgcmd.cpp */; };
		43B6C851224068CF007313EA /* multi.cpp in Sources */ = {isa = PBXBuildFile; fileRef = 43B6C71E22406869007313EA /* multi.cpp */; };
		43B6C852224068CF007313EA /* nthread.cpp in Sources */ = {isa = PBXBuildFile; fileRef = 43B6C73422406870007313EA /* nthread.cpp */; };
		43B6C853224068CF007313EA /* objects.cpp in Sources */ = {isa = PBXBuildFile; fileRef = 43B6C72C2240686E007313EA /* objects.cpp */; };
		43B6C854224068CF007313EA /* pack.cpp in Sources */ = {isa = PBXBuildFile; fileRef = 43B6C74122406873007313EA /* pack.cpp */; };
		43B6C855224068CF007313EA /* palette.cpp in Sources */ = {isa = PBXBuildFile; fileRef = 43B6C73322406870007313EA /* palette.cpp */; };
		43B6C856224068CF007313EA /* path.cpp in Sources */ = {isa = PBXBuildFile; fileRef = 43B6C7322240686F007313EA /* path.cpp */; };
		43B6C857224068CF007313EA /* pfile.cpp in Sources */ = {isa = PBXBuildFile; fileRef = 43B6C73922406871007313EA /* pfile.cpp */; };
		43B6C858224068CF007313EA /* player.cpp in Sources */ = {isa = PBXBuildFile; fileRef = 43B6C70F22406867007313EA /* player.cpp */; };
		43B6C859224068CF007313EA /* plrmsg.cpp in Sources */ = {isa = PBXBuildFile; fileRef = 43B6C7232240686A007313EA /* plrmsg.cpp */; };
		43B6C85A224068CF007313EA /* portal.cpp in Sources */ = {isa = PBXBuildFile; fileRef = 43B6C71922406869007313EA /* portal.cpp */; };
		43B6C85B224068CF007313EA /* quests.cpp in Sources */ = {isa = PBXBuildFile; fileRef = 43B6C74222406873007313EA /* quests.cpp */; };
		43B6C85C224068CF007313EA /* render.cpp in Sources */ = {isa = PBXBuildFile; fileRef = 43B6C73622406870007313EA /* render.cpp */; };
		43B6C85D224068CF007313EA /* restrict.cpp in Sources */ = {isa = PBXBuildFile; fileRef = 43B6C73D22406872007313EA /* restrict.cpp */; };
		43B6C85E224068CF007313EA /* scrollrt.cpp in Sources */ = {isa = PBXBuildFile; fileRef = 43B6C74B22406875007313EA /* scrollrt.cpp */; };
		43B6C85F224068CF007313EA /* setmaps.cpp in Sources */ = {isa = PBXBuildFile; fileRef = 43B6C74322406874007313EA /* setmaps.cpp */; };
		43B6C860224068CF007313EA /* sha.cpp in Sources */ = {isa = PBXBuildFile; fileRef = 43B6C7272240686C007313EA /* sha.cpp */; };
		43B6C861224068CF007313EA /* spells.cpp in Sources */ = {isa = PBXBuildFile; fileRef = 43B6C71822406868007313EA /* spells.cpp */; };
		43B6C862224068CF007313EA /* stores.cpp in Sources */ = {isa = PBXBuildFile; fileRef = 43B6C71122406867007313EA /* stores.cpp */; };
		43B6C863224068CF007313EA /* sync.cpp in Sources */ = {isa = PBXBuildFile; fileRef = 43B6C7282240686C007313EA /* sync.cpp */; };
		43B6C864224068CF007313EA /* textdat.cpp in Sources */ = {isa = PBXBuildFile; fileRef = 43B6C7262240686C007313EA /* textdat.cpp */; };
		43B6C865224068CF007313EA /* themes.cpp in Sources */ = {isa = PBXBuildFile; fileRef = 43B6C7292240686D007313EA /* themes.cpp */; };
		43B6C866224068CF007313EA /* tmsg.cpp in Sources */ = {isa = PBXBuildFile; fileRef = 43B6C71B22406869007313EA /* tmsg.cpp */; };
		43B6C867224068CF007313EA /* town.cpp in Sources */ = {isa = PBXBuildFile; fileRef = 43B6C74422406874007313EA /* town.cpp */; };
		43B6C868224068CF007313EA /* towners.cpp in Sources */ = {isa = PBXBuildFile; fileRef = 43B6C74A22406875007313EA /* towners.cpp */; };
		43B6C869224068CF007313EA /* track.cpp in Sources */ = {isa = PBXBuildFile; fileRef = 43B6C71A22406869007313EA /* track.cpp */; };
		43B6C86A224068CF007313EA /* trigs.cpp in Sources */ = {isa = PBXBuildFile; fileRef = 43B6C74522406874007313EA /* trigs.cpp */; };
		43B6C86B224068CF007313EA /* wave.cpp in Sources */ = {isa = PBXBuildFile; fileRef = 43B6C73A22406872007313EA /* wave.cpp */; };
		43BA39B122375D8A009041FF /* AppIcon.xcassets in Resources */ = {isa = PBXBuildFile; fileRef = 43BA39AF22375925009041FF /* AppIcon.xcassets */; };
		43DA133C2271574900E21D4A /* thread.cpp in Sources */ = {isa = PBXBuildFile; fileRef = 43DA13322271574600E21D4A /* thread.cpp */; };
		43DA133E2271574900E21D4A /* misc_io.cpp in Sources */ = {isa = PBXBuildFile; fileRef = 43DA13342271574700E21D4A /* misc_io.cpp */; };
		43DA133F2271574900E21D4A /* dsound.cpp in Sources */ = {isa = PBXBuildFile; fileRef = 43DA13352271574700E21D4A /* dsound.cpp */; };
		43DA13402271574900E21D4A /* ddraw.cpp in Sources */ = {isa = PBXBuildFile; fileRef = 43DA13382271574800E21D4A /* ddraw.cpp */; };
		43DA13412271574900E21D4A /* misc_msg.cpp in Sources */ = {isa = PBXBuildFile; fileRef = 43DA13392271574800E21D4A /* misc_msg.cpp */; };
		43DA13422271574900E21D4A /* misc.cpp in Sources */ = {isa = PBXBuildFile; fileRef = 43DA133A2271574800E21D4A /* misc.cpp */; };
		652BBCD55FBE46CC941FD64C /* smk_bitstream.c in Sources */ = {isa = PBXBuildFile; fileRef = 670494A24D7F4CFFACCD3BFB /* smk_bitstream.c */; };
		73E86BC9E2714148AD560C46 /* smacker.c in Sources */ = {isa = PBXBuildFile; fileRef = 622A8C6A02D94FFC996C2CAE /* smacker.c */; };
		769D23B7F293054B68BEE3D8 /* misdat.cpp in Sources */ = {isa = PBXBuildFile; fileRef = D7AC290594F8E8AFC64A9BD6 /* misdat.cpp */; };
		805FB64722DD7E4A00BDC35B /* selyesno.cpp in Sources */ = {isa = PBXBuildFile; fileRef = 805FB64622DD7E4A00BDC35B /* selyesno.cpp */; };
		8305C713732C4CECA36F37E9 /* explode.cpp in Sources */ = {isa = PBXBuildFile; fileRef = 6D7FE30F050049FB933D2788 /* explode.cpp */; };
		83FC98A9D008E3B0FC44D7BC /* objdat.cpp in Sources */ = {isa = PBXBuildFile; fileRef = 9544864FEB328522685D5D6E /* objdat.cpp */; };
		8FA4E9B3FA7D4B6AAB10EF73 /* implode.cpp in Sources */ = {isa = PBXBuildFile; fileRef = B1B2D29A5A284CD29205745F /* implode.cpp */; };
		C794AF87232B4745B3C48397 /* Key.cpp in Sources */ = {isa = PBXBuildFile; fileRef = C0B8A000CA684B9FAF88F313 /* Key.cpp */; };
		E3C499D08A284F95BDB46B42 /* smk_hufftree.c in Sources */ = {isa = PBXBuildFile; fileRef = 500C9F6E13FE44BFAEFCB81B /* smk_hufftree.c */; };
		EF709BC9D0B245338D17E9D7 /* Section.cpp in Sources */ = {isa = PBXBuildFile; fileRef = 6F074DDFE42C4B46A93CC4A9 /* Section.cpp */; };
		F16C32785EE2116E6D0573E5 /* itemdat.cpp in Sources */ = {isa = PBXBuildFile; fileRef = A8C902DAE79069232EF316BF /* itemdat.cpp */; };
		F425942E977042C9AAD29647 /* File.cpp in Sources */ = {isa = PBXBuildFile; fileRef = 722EB8D86DBF49368AAFEE3C /* File.cpp */; };
		FB80B52A619D452FA9BDE316 /* Named.cpp in Sources */ = {isa = PBXBuildFile; fileRef = B229DB87369B4D76B0A60580 /* Named.cpp */; };
/* End PBXBuildFile section */

/* Begin PBXContainerItemProxy section */
		43BF58E32235DF38001F9748 /* PBXContainerItemProxy */ = {
			isa = PBXContainerItemProxy;
			containerPortal = E0429BFFD232408CA26C47C4 /* Project object */;
			proxyType = 1;
			remoteGlobalIDString = 45A6FB291E254A42B07B837A;
			remoteInfo = PKWare;
		};
		43BF58E52235DF38001F9748 /* PBXContainerItemProxy */ = {
			isa = PBXContainerItemProxy;
			containerPortal = E0429BFFD232408CA26C47C4 /* Project object */;
			proxyType = 1;
			remoteGlobalIDString = 64913315C42A4243875272AC;
			remoteInfo = Radon;
		};
		43BF58E72235DF38001F9748 /* PBXContainerItemProxy */ = {
			isa = PBXContainerItemProxy;
			containerPortal = E0429BFFD232408CA26C47C4 /* Project object */;
			proxyType = 1;
			remoteGlobalIDString = 60C4DCB37F3949359E12B905;
			remoteInfo = StormLib;
		};
		43BF58E92235DF38001F9748 /* PBXContainerItemProxy */ = {
			isa = PBXContainerItemProxy;
			containerPortal = E0429BFFD232408CA26C47C4 /* Project object */;
			proxyType = 1;
			remoteGlobalIDString = AF5532C037DF4786A9C82C88;
			remoteInfo = devilution;
		};
		43BF58EB2235DF38001F9748 /* PBXContainerItemProxy */ = {
			isa = PBXContainerItemProxy;
			containerPortal = E0429BFFD232408CA26C47C4 /* Project object */;
			proxyType = 1;
			remoteGlobalIDString = CC8BED88EFA34709B5C2747E;
			remoteInfo = smacker;
		};
		D6E273B586C84AEEB5A61903 /* PBXContainerItemProxy */ = {
			isa = PBXContainerItemProxy;
			containerPortal = E0429BFFD232408CA26C47C4 /* Project object */;
			proxyType = 1;
			remoteGlobalIDString = 45A6FB291E254A42B07B837A;
			remoteInfo = PKWare;
		};
/* End PBXContainerItemProxy section */

/* Begin PBXCopyFilesBuildPhase section */
		4339874F223E5D3B001F8420 /* Embed Libraries */ = {
			isa = PBXCopyFilesBuildPhase;
			buildActionMask = 2147483647;
			dstPath = "";
			dstSubfolderSpec = 10;
			files = (
				433449A42240500B003AB4F2 /* libpng16.16.dylib in Embed Libraries */,
				4339874E223E5D3A001F8420 /* SDL2.framework in Embed Libraries */,
				4339874C223E5D3A001F8420 /* SDL2_ttf.framework in Embed Libraries */,
				4339874A223E5D3A001F8420 /* SDL2_mixer.framework in Embed Libraries */,
			);
			name = "Embed Libraries";
			runOnlyForDeploymentPostprocessing = 0;
		};
/* End PBXCopyFilesBuildPhase section */

/* Begin PBXFileReference section */
		3ECD637555514971BCD3E90E /* libdevilution.a */ = {isa = PBXFileReference; explicitFileType = archive.ar; path = libdevilution.a; sourceTree = BUILT_PRODUCTS_DIR; };
		433449A222404FFA003AB4F2 /* libpng16.16.dylib */ = {isa = PBXFileReference; lastKnownFileType = "compiled.mach-o.dylib"; name = libpng16.16.dylib; path = libs/frameworks/libpng16.16.dylib; sourceTree = "<group>"; };
		4339873D223E5C1A001F8420 /* SDL2.framework */ = {isa = PBXFileReference; explicitFileType = wrapper.framework; name = SDL2.framework; path = libs/frameworks/SDL2.framework; sourceTree = SOURCE_ROOT; };
		4339873F223E5CAB001F8420 /* SDL2_ttf.framework */ = {isa = PBXFileReference; explicitFileType = wrapper.framework; name = SDL2_ttf.framework; path = libs/frameworks/SDL2_ttf.framework; sourceTree = "<group>"; };
		43398741223E5CB0001F8420 /* SDL2_mixer.framework */ = {isa = PBXFileReference; explicitFileType = wrapper.framework; name = SDL2_mixer.framework; path = libs/frameworks/SDL2_mixer.framework; sourceTree = "<group>"; };
		436280B22236351000C911AD /* CoreAudio.framework */ = {isa = PBXFileReference; lastKnownFileType = wrapper.framework; name = CoreAudio.framework; path = System/Library/Frameworks/CoreAudio.framework; sourceTree = SDKROOT; };
		436280B42236352000C911AD /* AudioUnit.framework */ = {isa = PBXFileReference; lastKnownFileType = wrapper.framework; name = AudioUnit.framework; path = System/Library/Frameworks/AudioUnit.framework; sourceTree = SDKROOT; };
		436280B62236354100C911AD /* Cocoa.framework */ = {isa = PBXFileReference; lastKnownFileType = wrapper.framework; name = Cocoa.framework; path = System/Library/Frameworks/Cocoa.framework; sourceTree = SDKROOT; };
		436280C3223635FD00C911AD /* Foundation.framework */ = {isa = PBXFileReference; lastKnownFileType = wrapper.framework; name = Foundation.framework; path = System/Library/Frameworks/Foundation.framework; sourceTree = SDKROOT; };
		4362B4F8223E127E00633F20 /* Info.plist */ = {isa = PBXFileReference; fileEncoding = 4; lastKnownFileType = text.plist.xml; name = Info.plist; path = Xcode/Info.plist; sourceTree = "<group>"; };
		4362B513223E2B8500633F20 /* SFileFindFile.cpp */ = {isa = PBXFileReference; fileEncoding = 4; lastKnownFileType = sourcecode.cpp.cpp; name = SFileFindFile.cpp; path = 3rdParty/StormLib/src/SFileFindFile.cpp; sourceTree = "<group>"; };
		4362B514223E2B8500633F20 /* SFileGetFileInfo.cpp */ = {isa = PBXFileReference; fileEncoding = 4; lastKnownFileType = sourcecode.cpp.cpp; name = SFileGetFileInfo.cpp; path = 3rdParty/StormLib/src/SFileGetFileInfo.cpp; sourceTree = "<group>"; };
		4362B515223E2B8500633F20 /* SFileOpenArchive.cpp */ = {isa = PBXFileReference; fileEncoding = 4; lastKnownFileType = sourcecode.cpp.cpp; name = SFileOpenArchive.cpp; path = 3rdParty/StormLib/src/SFileOpenArchive.cpp; sourceTree = "<group>"; };
		4362B516223E2B8600633F20 /* SFileOpenFileEx.cpp */ = {isa = PBXFileReference; fileEncoding = 4; lastKnownFileType = sourcecode.cpp.cpp; name = SFileOpenFileEx.cpp; path = 3rdParty/StormLib/src/SFileOpenFileEx.cpp; sourceTree = "<group>"; };
		4362B517223E2B8600633F20 /* SBaseSubTypes.cpp */ = {isa = PBXFileReference; fileEncoding = 4; lastKnownFileType = sourcecode.cpp.cpp; name = SBaseSubTypes.cpp; path = 3rdParty/StormLib/src/SBaseSubTypes.cpp; sourceTree = "<group>"; };
		4362B518223E2B8600633F20 /* SBaseFileTable.cpp */ = {isa = PBXFileReference; fileEncoding = 4; lastKnownFileType = sourcecode.cpp.cpp; name = SBaseFileTable.cpp; path = 3rdParty/StormLib/src/SBaseFileTable.cpp; sourceTree = "<group>"; };
		4362B519223E2B8600633F20 /* SCompression.cpp */ = {isa = PBXFileReference; fileEncoding = 4; lastKnownFileType = sourcecode.cpp.cpp; name = SCompression.cpp; path = 3rdParty/StormLib/src/SCompression.cpp; sourceTree = "<group>"; };
		4362B51A223E2B8600633F20 /* SFileReadFile.cpp */ = {isa = PBXFileReference; fileEncoding = 4; lastKnownFileType = sourcecode.cpp.cpp; name = SFileReadFile.cpp; path = 3rdParty/StormLib/src/SFileReadFile.cpp; sourceTree = "<group>"; };
		4362B51B223E2B8600633F20 /* SBaseCommon.cpp */ = {isa = PBXFileReference; fileEncoding = 4; lastKnownFileType = sourcecode.cpp.cpp; name = SBaseCommon.cpp; path = 3rdParty/StormLib/src/SBaseCommon.cpp; sourceTree = "<group>"; };
		4362B51C223E2B8600633F20 /* SFileExtractFile.cpp */ = {isa = PBXFileReference; fileEncoding = 4; lastKnownFileType = sourcecode.cpp.cpp; name = SFileExtractFile.cpp; path = 3rdParty/StormLib/src/SFileExtractFile.cpp; sourceTree = "<group>"; };
		4362B51D223E2B8600633F20 /* FileStream.cpp */ = {isa = PBXFileReference; fileEncoding = 4; lastKnownFileType = sourcecode.cpp.cpp; name = FileStream.cpp; path = 3rdParty/StormLib/src/FileStream.cpp; sourceTree = "<group>"; };
		43B6C70A22406866007313EA /* error.cpp */ = {isa = PBXFileReference; fileEncoding = 4; lastKnownFileType = sourcecode.cpp.cpp; name = error.cpp; path = Source/error.cpp; sourceTree = "<group>"; };
		43B6C70B22406866007313EA /* gmenu.cpp */ = {isa = PBXFileReference; fileEncoding = 4; lastKnownFileType = sourcecode.cpp.cpp; name = gmenu.cpp; path = Source/gmenu.cpp; sourceTree = "<group>"; };
		43B6C70C22406866007313EA /* init.cpp */ = {isa = PBXFileReference; fileEncoding = 4; lastKnownFileType = sourcecode.cpp.cpp; name = init.cpp; path = Source/init.cpp; sourceTree = "<group>"; };
		43B6C70D22406867007313EA /* help.cpp */ = {isa = PBXFileReference; fileEncoding = 4; lastKnownFileType = sourcecode.cpp.cpp; name = help.cpp; path = Source/help.cpp; sourceTree = "<group>"; };
		43B6C70E22406867007313EA /* cursor.cpp */ = {isa = PBXFileReference; fileEncoding = 4; lastKnownFileType = sourcecode.cpp.cpp; name = cursor.cpp; path = Source/cursor.cpp; sourceTree = "<group>"; };
		43B6C70F22406867007313EA /* player.cpp */ = {isa = PBXFileReference; fileEncoding = 4; lastKnownFileType = sourcecode.cpp.cpp; name = player.cpp; path = Source/player.cpp; sourceTree = "<group>"; };
		43B6C71022406867007313EA /* items.cpp */ = {isa = PBXFileReference; fileEncoding = 4; lastKnownFileType = sourcecode.cpp.cpp; name = items.cpp; path = Source/items.cpp; sourceTree = "<group>"; };
		43B6C71122406867007313EA /* stores.cpp */ = {isa = PBXFileReference; fileEncoding = 4; lastKnownFileType = sourcecode.cpp.cpp; name = stores.cpp; path = Source/stores.cpp; sourceTree = "<group>"; };
		43B6C71222406867007313EA /* drlg_l1.cpp */ = {isa = PBXFileReference; fileEncoding = 4; lastKnownFileType = sourcecode.cpp.cpp; name = drlg_l1.cpp; path = Source/drlg_l1.cpp; sourceTree = "<group>"; };
		43B6C71322406868007313EA /* drlg_l3.cpp */ = {isa = PBXFileReference; fileEncoding = 4; lastKnownFileType = sourcecode.cpp.cpp; name = drlg_l3.cpp; path = Source/drlg_l3.cpp; sourceTree = "<group>"; };
		43B6C71422406868007313EA /* interfac.cpp */ = {isa = PBXFileReference; fileEncoding = 4; lastKnownFileType = sourcecode.cpp.cpp; name = interfac.cpp; path = Source/interfac.cpp; sourceTree = "<group>"; };
		43B6C71522406868007313EA /* dead.cpp */ = {isa = PBXFileReference; fileEncoding = 4; lastKnownFileType = sourcecode.cpp.cpp; name = dead.cpp; path = Source/dead.cpp; sourceTree = "<group>"; };
		43B6C71622406868007313EA /* missiles.cpp */ = {isa = PBXFileReference; fileEncoding = 4; lastKnownFileType = sourcecode.cpp.cpp; name = missiles.cpp; path = Source/missiles.cpp; sourceTree = "<group>"; };
		43B6C71722406868007313EA /* msg.cpp */ = {isa = PBXFileReference; fileEncoding = 4; lastKnownFileType = sourcecode.cpp.cpp; name = msg.cpp; path = Source/msg.cpp; sourceTree = "<group>"; };
		43B6C71822406868007313EA /* spells.cpp */ = {isa = PBXFileReference; fileEncoding = 4; lastKnownFileType = sourcecode.cpp.cpp; name = spells.cpp; path = Source/spells.cpp; sourceTree = "<group>"; };
		43B6C71922406869007313EA /* portal.cpp */ = {isa = PBXFileReference; fileEncoding = 4; lastKnownFileType = sourcecode.cpp.cpp; name = portal.cpp; path = Source/portal.cpp; sourceTree = "<group>"; };
		43B6C71A22406869007313EA /* track.cpp */ = {isa = PBXFileReference; fileEncoding = 4; lastKnownFileType = sourcecode.cpp.cpp; name = track.cpp; path = Source/track.cpp; sourceTree = "<group>"; };
		43B6C71B22406869007313EA /* tmsg.cpp */ = {isa = PBXFileReference; fileEncoding = 4; lastKnownFileType = sourcecode.cpp.cpp; name = tmsg.cpp; path = Source/tmsg.cpp; sourceTree = "<group>"; };
		43B6C71C22406869007313EA /* gendung.cpp */ = {isa = PBXFileReference; fileEncoding = 4; lastKnownFileType = sourcecode.cpp.cpp; name = gendung.cpp; path = Source/gendung.cpp; sourceTree = "<group>"; };
		43B6C71D22406869007313EA /* debug.cpp */ = {isa = PBXFileReference; fileEncoding = 4; lastKnownFileType = sourcecode.cpp.cpp; name = debug.cpp; path = Source/debug.cpp; sourceTree = "<group>"; };
		43B6C71E22406869007313EA /* multi.cpp */ = {isa = PBXFileReference; fileEncoding = 4; lastKnownFileType = sourcecode.cpp.cpp; name = multi.cpp; path = Source/multi.cpp; sourceTree = "<group>"; };
		43B6C71F2240686A007313EA /* control.cpp */ = {isa = PBXFileReference; fileEncoding = 4; lastKnownFileType = sourcecode.cpp.cpp; name = control.cpp; path = Source/control.cpp; sourceTree = "<group>"; };
		43B6C7202240686A007313EA /* fault.cpp */ = {isa = PBXFileReference; fileEncoding = 4; lastKnownFileType = sourcecode.cpp.cpp; name = fault.cpp; path = Source/fault.cpp; sourceTree = "<group>"; };
		43B6C7212240686A007313EA /* automap.cpp */ = {isa = PBXFileReference; fileEncoding = 4; lastKnownFileType = sourcecode.cpp.cpp; name = automap.cpp; path = Source/automap.cpp; sourceTree = "<group>"; };
		43B6C7222240686A007313EA /* logging.cpp */ = {isa = PBXFileReference; fileEncoding = 4; lastKnownFileType = sourcecode.cpp.cpp; name = logging.cpp; path = Source/logging.cpp; sourceTree = "<group>"; };
		43B6C7232240686A007313EA /* plrmsg.cpp */ = {isa = PBXFileReference; fileEncoding = 4; lastKnownFileType = sourcecode.cpp.cpp; name = plrmsg.cpp; path = Source/plrmsg.cpp; sourceTree = "<group>"; };
		43B6C7242240686B007313EA /* minitext.cpp */ = {isa = PBXFileReference; fileEncoding = 4; lastKnownFileType = sourcecode.cpp.cpp; name = minitext.cpp; path = Source/minitext.cpp; sourceTree = "<group>"; };
		43B6C7252240686B007313EA /* doom.cpp */ = {isa = PBXFileReference; fileEncoding = 4; lastKnownFileType = sourcecode.cpp.cpp; name = doom.cpp; path = Source/doom.cpp; sourceTree = "<group>"; };
		43B6C7262240686C007313EA /* textdat.cpp */ = {isa = PBXFileReference; fileEncoding = 4; lastKnownFileType = sourcecode.cpp.cpp; name = textdat.cpp; path = Source/textdat.cpp; sourceTree = "<group>"; };
		43B6C7272240686C007313EA /* sha.cpp */ = {isa = PBXFileReference; fileEncoding = 4; lastKnownFileType = sourcecode.cpp.cpp; name = sha.cpp; path = Source/sha.cpp; sourceTree = "<group>"; };
		43B6C7282240686C007313EA /* sync.cpp */ = {isa = PBXFileReference; fileEncoding = 4; lastKnownFileType = sourcecode.cpp.cpp; name = sync.cpp; path = Source/sync.cpp; sourceTree = "<group>"; };
		43B6C7292240686D007313EA /* themes.cpp */ = {isa = PBXFileReference; fileEncoding = 4; lastKnownFileType = sourcecode.cpp.cpp; name = themes.cpp; path = Source/themes.cpp; sourceTree = "<group>"; };
		43B6C72A2240686D007313EA /* movie.cpp */ = {isa = PBXFileReference; fileEncoding = 4; lastKnownFileType = sourcecode.cpp.cpp; name = movie.cpp; path = Source/movie.cpp; sourceTree = "<group>"; };
		43B6C72B2240686D007313EA /* appfat.cpp */ = {isa = PBXFileReference; fileEncoding = 4; lastKnownFileType = sourcecode.cpp.cpp; name = appfat.cpp; path = Source/appfat.cpp; sourceTree = "<group>"; };
		43B6C72C2240686E007313EA /* objects.cpp */ = {isa = PBXFileReference; fileEncoding = 4; lastKnownFileType = sourcecode.cpp.cpp; name = objects.cpp; path = Source/objects.cpp; sourceTree = "<group>"; };
		43B6C72D2240686E007313EA /* mpqapi.cpp */ = {isa = PBXFileReference; fileEncoding = 4; lastKnownFileType = sourcecode.cpp.cpp; name = mpqapi.cpp; path = Source/mpqapi.cpp; sourceTree = "<group>"; };
		43B6C72E2240686E007313EA /* gamemenu.cpp */ = {isa = PBXFileReference; fileEncoding = 4; lastKnownFileType = sourcecode.cpp.cpp; name = gamemenu.cpp; path = Source/gamemenu.cpp; sourceTree = "<group>"; };
		43B6C72F2240686F007313EA /* loadsave.cpp */ = {isa = PBXFileReference; fileEncoding = 4; lastKnownFileType = sourcecode.cpp.cpp; name = loadsave.cpp; path = Source/loadsave.cpp; sourceTree = "<group>"; };
		43B6C7302240686F007313EA /* mainmenu.cpp */ = {isa = PBXFileReference; fileEncoding = 4; lastKnownFileType = sourcecode.cpp.cpp; name = mainmenu.cpp; path = Source/mainmenu.cpp; sourceTree = "<group>"; };
		43B6C7312240686F007313EA /* capture.cpp */ = {isa = PBXFileReference; fileEncoding = 4; lastKnownFileType = sourcecode.cpp.cpp; name = capture.cpp; path = Source/capture.cpp; sourceTree = "<group>"; };
		43B6C7322240686F007313EA /* path.cpp */ = {isa = PBXFileReference; fileEncoding = 4; lastKnownFileType = sourcecode.cpp.cpp; name = path.cpp; path = Source/path.cpp; sourceTree = "<group>"; };
		43B6C73322406870007313EA /* palette.cpp */ = {isa = PBXFileReference; fileEncoding = 4; lastKnownFileType = sourcecode.cpp.cpp; name = palette.cpp; path = Source/palette.cpp; sourceTree = "<group>"; };
		43B6C73422406870007313EA /* nthread.cpp */ = {isa = PBXFileReference; fileEncoding = 4; lastKnownFileType = sourcecode.cpp.cpp; name = nthread.cpp; path = Source/nthread.cpp; sourceTree = "<group>"; };
		43B6C73522406870007313EA /* engine.cpp */ = {isa = PBXFileReference; fileEncoding = 4; lastKnownFileType = sourcecode.cpp.cpp; name = engine.cpp; path = Source/engine.cpp; sourceTree = "<group>"; };
		43B6C73622406870007313EA /* render.cpp */ = {isa = PBXFileReference; fileEncoding = 4; lastKnownFileType = sourcecode.cpp.cpp; name = render.cpp; path = Source/render.cpp; sourceTree = "<group>"; };
		43B6C73722406871007313EA /* drlg_l2.cpp */ = {isa = PBXFileReference; fileEncoding = 4; lastKnownFileType = sourcecode.cpp.cpp; name = drlg_l2.cpp; path = Source/drlg_l2.cpp; sourceTree = "<group>"; };
		43B6C73822406871007313EA /* drlg_l4.cpp */ = {isa = PBXFileReference; fileEncoding = 4; lastKnownFileType = sourcecode.cpp.cpp; name = drlg_l4.cpp; path = Source/drlg_l4.cpp; sourceTree = "<group>"; };
		43B6C73922406871007313EA /* pfile.cpp */ = {isa = PBXFileReference; fileEncoding = 4; lastKnownFileType = sourcecode.cpp.cpp; name = pfile.cpp; path = Source/pfile.cpp; sourceTree = "<group>"; };
		43B6C73A22406872007313EA /* wave.cpp */ = {isa = PBXFileReference; fileEncoding = 4; lastKnownFileType = sourcecode.cpp.cpp; name = wave.cpp; path = Source/wave.cpp; sourceTree = "<group>"; };
		43B6C73B22406872007313EA /* effects.cpp */ = {isa = PBXFileReference; fileEncoding = 4; lastKnownFileType = sourcecode.cpp.cpp; name = effects.cpp; path = Source/effects.cpp; sourceTree = "<group>"; };
		43B6C73C22406872007313EA /* inv.cpp */ = {isa = PBXFileReference; fileEncoding = 4; lastKnownFileType = sourcecode.cpp.cpp; name = inv.cpp; path = Source/inv.cpp; sourceTree = "<group>"; };
		43B6C73D22406872007313EA /* restrict.cpp */ = {isa = PBXFileReference; fileEncoding = 4; lastKnownFileType = sourcecode.cpp.cpp; name = restrict.cpp; path = Source/restrict.cpp; sourceTree = "<group>"; };
		43B6C73E22406872007313EA /* dthread.cpp */ = {isa = PBXFileReference; fileEncoding = 4; lastKnownFileType = sourcecode.cpp.cpp; name = dthread.cpp; path = Source/dthread.cpp; sourceTree = "<group>"; };
		43B6C73F22406873007313EA /* diablo.cpp */ = {isa = PBXFileReference; fileEncoding = 4; lastKnownFileType = sourcecode.cpp.cpp; name = diablo.cpp; path = Source/diablo.cpp; sourceTree = "<group>"; };
		43B6C74022406873007313EA /* encrypt.cpp */ = {isa = PBXFileReference; fileEncoding = 4; lastKnownFileType = sourcecode.cpp.cpp; name = encrypt.cpp; path = Source/encrypt.cpp; sourceTree = "<group>"; };
		43B6C74122406873007313EA /* pack.cpp */ = {isa = PBXFileReference; fileEncoding = 4; lastKnownFileType = sourcecode.cpp.cpp; name = pack.cpp; path = Source/pack.cpp; sourceTree = "<group>"; };
		43B6C74222406873007313EA /* quests.cpp */ = {isa = PBXFileReference; fileEncoding = 4; lastKnownFileType = sourcecode.cpp.cpp; name = quests.cpp; path = Source/quests.cpp; sourceTree = "<group>"; };
		43B6C74322406874007313EA /* setmaps.cpp */ = {isa = PBXFileReference; fileEncoding = 4; lastKnownFileType = sourcecode.cpp.cpp; name = setmaps.cpp; path = Source/setmaps.cpp; sourceTree = "<group>"; };
		43B6C74422406874007313EA /* town.cpp */ = {isa = PBXFileReference; fileEncoding = 4; lastKnownFileType = sourcecode.cpp.cpp; name = town.cpp; path = Source/town.cpp; sourceTree = "<group>"; };
		43B6C74522406874007313EA /* trigs.cpp */ = {isa = PBXFileReference; fileEncoding = 4; lastKnownFileType = sourcecode.cpp.cpp; name = trigs.cpp; path = Source/trigs.cpp; sourceTree = "<group>"; };
		43B6C74622406874007313EA /* codec.cpp */ = {isa = PBXFileReference; fileEncoding = 4; lastKnownFileType = sourcecode.cpp.cpp; name = codec.cpp; path = Source/codec.cpp; sourceTree = "<group>"; };
		43B6C74722406875007313EA /* lighting.cpp */ = {isa = PBXFileReference; fileEncoding = 4; lastKnownFileType = sourcecode.cpp.cpp; name = lighting.cpp; path = Source/lighting.cpp; sourceTree = "<group>"; };
		43B6C74822406875007313EA /* monster.cpp */ = {isa = PBXFileReference; fileEncoding = 4; lastKnownFileType = sourcecode.cpp.cpp; name = monster.cpp; path = Source/monster.cpp; sourceTree = "<group>"; };
		43B6C74922406875007313EA /* msgcmd.cpp */ = {isa = PBXFileReference; fileEncoding = 4; lastKnownFileType = sourcecode.cpp.cpp; name = msgcmd.cpp; path = Source/msgcmd.cpp; sourceTree = "<group>"; };
		43B6C74A22406875007313EA /* towners.cpp */ = {isa = PBXFileReference; fileEncoding = 4; lastKnownFileType = sourcecode.cpp.cpp; name = towners.cpp; path = Source/towners.cpp; sourceTree = "<group>"; };
		43B6C74B22406875007313EA /* scrollrt.cpp */ = {isa = PBXFileReference; fileEncoding = 4; lastKnownFileType = sourcecode.cpp.cpp; name = scrollrt.cpp; path = Source/scrollrt.cpp; sourceTree = "<group>"; };
		43B6C78E22406888007313EA /* udp_p2p.cpp */ = {isa = PBXFileReference; fileEncoding = 4; lastKnownFileType = sourcecode.cpp.cpp; name = udp_p2p.cpp; path = SourceX/dvlnet/udp_p2p.cpp; sourceTree = "<group>"; };
		43B6C78F22406888007313EA /* misc_dx.cpp */ = {isa = PBXFileReference; fileEncoding = 4; lastKnownFileType = sourcecode.cpp.cpp; name = misc_dx.cpp; path = SourceX/miniwin/misc_dx.cpp; sourceTree = "<group>"; };
		43B6C79022406888007313EA /* base.cpp */ = {isa = PBXFileReference; fileEncoding = 4; lastKnownFileType = sourcecode.cpp.cpp; name = base.cpp; path = SourceX/dvlnet/base.cpp; sourceTree = "<group>"; };
		43B6C79122406889007313EA /* diabloui.cpp */ = {isa = PBXFileReference; fileEncoding = 4; lastKnownFileType = sourcecode.cpp.cpp; name = diabloui.cpp; path = SourceX/DiabloUI/diabloui.cpp; sourceTree = "<group>"; };
		43B6C79222406889007313EA /* mainmenu.cpp */ = {isa = PBXFileReference; fileEncoding = 4; lastKnownFileType = sourcecode.cpp.cpp; name = mainmenu.cpp; path = SourceX/DiabloUI/mainmenu.cpp; sourceTree = "<group>"; };
		43B6C79322406889007313EA /* progress.cpp */ = {isa = PBXFileReference; fileEncoding = 4; lastKnownFileType = sourcecode.cpp.cpp; name = progress.cpp; path = SourceX/DiabloUI/progress.cpp; sourceTree = "<group>"; };
		43B6C79422406889007313EA /* selconn.cpp */ = {isa = PBXFileReference; fileEncoding = 4; lastKnownFileType = sourcecode.cpp.cpp; name = selconn.cpp; path = SourceX/DiabloUI/selconn.cpp; sourceTree = "<group>"; };
		43B6C79522406889007313EA /* packet.cpp */ = {isa = PBXFileReference; fileEncoding = 4; lastKnownFileType = sourcecode.cpp.cpp; name = packet.cpp; path = SourceX/dvlnet/packet.cpp; sourceTree = "<group>"; };
		43B6C79622406889007313EA /* storm_net.cpp */ = {isa = PBXFileReference; fileEncoding = 4; lastKnownFileType = sourcecode.cpp.cpp; name = storm_net.cpp; path = SourceX/storm/storm_net.cpp; sourceTree = "<group>"; };
		43B6C79722406889007313EA /* main.cpp */ = {isa = PBXFileReference; fileEncoding = 4; lastKnownFileType = sourcecode.cpp.cpp; name = main.cpp; path = SourceX/main.cpp; sourceTree = "<group>"; };
		43B6C7992240688A007313EA /* abstract_net.cpp */ = {isa = PBXFileReference; fileEncoding = 4; lastKnownFileType = sourcecode.cpp.cpp; name = abstract_net.cpp; path = SourceX/dvlnet/abstract_net.cpp; sourceTree = "<group>"; };
		43B6C79A2240688A007313EA /* frame_queue.cpp */ = {isa = PBXFileReference; fileEncoding = 4; lastKnownFileType = sourcecode.cpp.cpp; name = frame_queue.cpp; path = SourceX/dvlnet/frame_queue.cpp; sourceTree = "<group>"; };
		43B6C79D2240688A007313EA /* sound.cpp */ = {isa = PBXFileReference; fileEncoding = 4; lastKnownFileType = sourcecode.cpp.cpp; name = sound.cpp; path = SourceX/sound.cpp; sourceTree = "<group>"; };
		43B6C79F2240688B007313EA /* title.cpp */ = {isa = PBXFileReference; fileEncoding = 4; lastKnownFileType = sourcecode.cpp.cpp; name = title.cpp; path = SourceX/DiabloUI/title.cpp; sourceTree = "<group>"; };
		43B6C7A02240688B007313EA /* dx.cpp */ = {isa = PBXFileReference; fileEncoding = 4; lastKnownFileType = sourcecode.cpp.cpp; name = dx.cpp; path = SourceX/dx.cpp; sourceTree = "<group>"; };
		43B6C7A12240688B007313EA /* tcp_client.cpp */ = {isa = PBXFileReference; fileEncoding = 4; lastKnownFileType = sourcecode.cpp.cpp; name = tcp_client.cpp; path = SourceX/dvlnet/tcp_client.cpp; sourceTree = "<group>"; };
		43B6C7A22240688B007313EA /* rand.cpp */ = {isa = PBXFileReference; fileEncoding = 4; lastKnownFileType = sourcecode.cpp.cpp; name = rand.cpp; path = SourceX/miniwin/rand.cpp; sourceTree = "<group>"; };
		43B6C7A42240688B007313EA /* selgame.cpp */ = {isa = PBXFileReference; fileEncoding = 4; lastKnownFileType = sourcecode.cpp.cpp; name = selgame.cpp; path = SourceX/DiabloUI/selgame.cpp; sourceTree = "<group>"; };
		43B6C7A52240688C007313EA /* tcp_server.cpp */ = {isa = PBXFileReference; fileEncoding = 4; lastKnownFileType = sourcecode.cpp.cpp; name = tcp_server.cpp; path = SourceX/dvlnet/tcp_server.cpp; sourceTree = "<group>"; };
		43B6C7A62240688C007313EA /* loopback.cpp */ = {isa = PBXFileReference; fileEncoding = 4; lastKnownFileType = sourcecode.cpp.cpp; name = loopback.cpp; path = SourceX/dvlnet/loopback.cpp; sourceTree = "<group>"; };
		43B6C7A72240688C007313EA /* selhero.cpp */ = {isa = PBXFileReference; fileEncoding = 4; lastKnownFileType = sourcecode.cpp.cpp; name = selhero.cpp; path = SourceX/DiabloUI/selhero.cpp; sourceTree = "<group>"; };
		43B6C7A82240688C007313EA /* storm_dx.cpp */ = {isa = PBXFileReference; fileEncoding = 4; lastKnownFileType = sourcecode.cpp.cpp; name = storm_dx.cpp; path = SourceX/storm/storm_dx.cpp; sourceTree = "<group>"; };
		43B6C7A92240688C007313EA /* credits.cpp */ = {isa = PBXFileReference; fileEncoding = 4; lastKnownFileType = sourcecode.cpp.cpp; name = credits.cpp; path = SourceX/DiabloUI/credits.cpp; sourceTree = "<group>"; };
		43B6C7AA2240688D007313EA /* dialogs.cpp */ = {isa = PBXFileReference; fileEncoding = 4; lastKnownFileType = sourcecode.cpp.cpp; name = dialogs.cpp; path = SourceX/DiabloUI/dialogs.cpp; sourceTree = "<group>"; };
		43B6C7AB2240688D007313EA /* storm.cpp */ = {isa = PBXFileReference; fileEncoding = 4; lastKnownFileType = sourcecode.cpp.cpp; name = storm.cpp; path = SourceX/storm/storm.cpp; sourceTree = "<group>"; };
		43BA39AF22375925009041FF /* AppIcon.xcassets */ = {isa = PBXFileReference; lastKnownFileType = folder.assetcatalog; name = AppIcon.xcassets; path = Xcode/AppIcon.xcassets; sourceTree = SOURCE_ROOT; };
		43BF58B52235DEB8001F9748 /* devilutionX.app */ = {isa = PBXFileReference; explicitFileType = wrapper.application; includeInIndex = 0; path = devilutionX.app; sourceTree = BUILT_PRODUCTS_DIR; };
		43DA13322271574600E21D4A /* thread.cpp */ = {isa = PBXFileReference; fileEncoding = 4; lastKnownFileType = sourcecode.cpp.cpp; name = thread.cpp; path = SourceX/miniwin/thread.cpp; sourceTree = "<group>"; };
		43DA13342271574700E21D4A /* misc_io.cpp */ = {isa = PBXFileReference; fileEncoding = 4; lastKnownFileType = sourcecode.cpp.cpp; name = misc_io.cpp; path = SourceX/miniwin/misc_io.cpp; sourceTree = "<group>"; };
		43DA13352271574700E21D4A /* dsound.cpp */ = {isa = PBXFileReference; fileEncoding = 4; lastKnownFileType = sourcecode.cpp.cpp; name = dsound.cpp; path = SourceX/miniwin/dsound.cpp; sourceTree = "<group>"; };
		43DA13382271574800E21D4A /* ddraw.cpp */ = {isa = PBXFileReference; fileEncoding = 4; lastKnownFileType = sourcecode.cpp.cpp; name = ddraw.cpp; path = SourceX/miniwin/ddraw.cpp; sourceTree = "<group>"; };
		43DA13392271574800E21D4A /* misc_msg.cpp */ = {isa = PBXFileReference; fileEncoding = 4; lastKnownFileType = sourcecode.cpp.cpp; name = misc_msg.cpp; path = SourceX/miniwin/misc_msg.cpp; sourceTree = "<group>"; };
		43DA133A2271574800E21D4A /* misc.cpp */ = {isa = PBXFileReference; fileEncoding = 4; lastKnownFileType = sourcecode.cpp.cpp; name = misc.cpp; path = SourceX/miniwin/misc.cpp; sourceTree = "<group>"; };
		500C9F6E13FE44BFAEFCB81B /* smk_hufftree.c */ = {isa = PBXFileReference; explicitFileType = sourcecode.c.c; fileEncoding = 4; name = smk_hufftree.c; path = 3rdParty/libsmacker/smk_hufftree.c; sourceTree = SOURCE_ROOT; };
		622A8C6A02D94FFC996C2CAE /* smacker.c */ = {isa = PBXFileReference; explicitFileType = sourcecode.c.c; fileEncoding = 4; name = smacker.c; path = 3rdParty/libsmacker/smacker.c; sourceTree = SOURCE_ROOT; };
		646292CBB776434AA4CA1C94 /* libPKWare.a */ = {isa = PBXFileReference; explicitFileType = archive.ar; path = libPKWare.a; sourceTree = BUILT_PRODUCTS_DIR; };
		670494A24D7F4CFFACCD3BFB /* smk_bitstream.c */ = {isa = PBXFileReference; explicitFileType = sourcecode.c.c; fileEncoding = 4; name = smk_bitstream.c; path = 3rdParty/libsmacker/smk_bitstream.c; sourceTree = SOURCE_ROOT; };
		6D7FE30F050049FB933D2788 /* explode.cpp */ = {isa = PBXFileReference; explicitFileType = sourcecode.cpp.cpp; fileEncoding = 4; name = explode.cpp; path = 3rdParty/PKWare/explode.cpp; sourceTree = SOURCE_ROOT; };
		6F074DDFE42C4B46A93CC4A9 /* Section.cpp */ = {isa = PBXFileReference; explicitFileType = sourcecode.cpp.cpp; fileEncoding = 4; name = Section.cpp; path = 3rdParty/Radon/Radon/source/Section.cpp; sourceTree = SOURCE_ROOT; };
		722EB8D86DBF49368AAFEE3C /* File.cpp */ = {isa = PBXFileReference; explicitFileType = sourcecode.cpp.cpp; fileEncoding = 4; name = File.cpp; path = 3rdParty/Radon/Radon/source/File.cpp; sourceTree = SOURCE_ROOT; };
		805FB64622DD7E4A00BDC35B /* selyesno.cpp */ = {isa = PBXFileReference; fileEncoding = 4; lastKnownFileType = sourcecode.cpp.cpp; name = selyesno.cpp; path = SourceX/DiabloUI/selyesno.cpp; sourceTree = "<group>"; };
		92E1DAF5C7BA48E5A1E39C04 /* libRadon.a */ = {isa = PBXFileReference; explicitFileType = archive.ar; path = libRadon.a; sourceTree = BUILT_PRODUCTS_DIR; };
		9544864FEB328522685D5D6E /* objdat.cpp */ = {isa = PBXFileReference; includeInIndex = 1; lastKnownFileType = sourcecode.cpp.cpp; name = objdat.cpp; path = Source/objdat.cpp; sourceTree = "<group>"; };
		A8C902DAE79069232EF316BF /* itemdat.cpp */ = {isa = PBXFileReference; includeInIndex = 1; lastKnownFileType = sourcecode.cpp.cpp; name = itemdat.cpp; path = Source/itemdat.cpp; sourceTree = "<group>"; };
		B1B2D29A5A284CD29205745F /* implode.cpp */ = {isa = PBXFileReference; explicitFileType = sourcecode.cpp.cpp; fileEncoding = 4; name = implode.cpp; path = 3rdParty/PKWare/implode.cpp; sourceTree = SOURCE_ROOT; };
		B229DB87369B4D76B0A60580 /* Named.cpp */ = {isa = PBXFileReference; explicitFileType = sourcecode.cpp.cpp; fileEncoding = 4; name = Named.cpp; path = 3rdParty/Radon/Radon/source/Named.cpp; sourceTree = SOURCE_ROOT; };
		BF5EF1B0CBE63E676700D98F /* spelldat.cpp */ = {isa = PBXFileReference; includeInIndex = 1; lastKnownFileType = sourcecode.cpp.cpp; name = spelldat.cpp; path = Source/spelldat.cpp; sourceTree = "<group>"; };
		C0B8A000CA684B9FAF88F313 /* Key.cpp */ = {isa = PBXFileReference; explicitFileType = sourcecode.cpp.cpp; fileEncoding = 4; name = Key.cpp; path = 3rdParty/Radon/Radon/source/Key.cpp; sourceTree = SOURCE_ROOT; };
		D7AC290594F8E8AFC64A9BD6 /* misdat.cpp */ = {isa = PBXFileReference; includeInIndex = 1; lastKnownFileType = sourcecode.cpp.cpp; name = misdat.cpp; path = Source/misdat.cpp; sourceTree = "<group>"; };
		DCC453E263C842279A5E02E7 /* libsmacker.a */ = {isa = PBXFileReference; explicitFileType = archive.ar; path = libsmacker.a; sourceTree = BUILT_PRODUCTS_DIR; };
		DE0A12E19BA25264D89498BD /* monstdat.cpp */ = {isa = PBXFileReference; includeInIndex = 1; lastKnownFileType = sourcecode.cpp.cpp; name = monstdat.cpp; path = Source/monstdat.cpp; sourceTree = "<group>"; };
		F249E02C422E4EC2B812E004 /* libStormLib.a */ = {isa = PBXFileReference; explicitFileType = archive.ar; path = libStormLib.a; sourceTree = BUILT_PRODUCTS_DIR; };
/* End PBXFileReference section */

/* Begin PBXFrameworksBuildPhase section */
		4362804D22360E6300C911AD /* Frameworks */ = {
			isa = PBXFrameworksBuildPhase;
			buildActionMask = 2147483647;
			files = (
				43398752223E5E0E001F8420 /* SDL2.framework in Frameworks */,
				4339874B223E5D3A001F8420 /* SDL2_ttf.framework in Frameworks */,
				43398749223E5D3A001F8420 /* SDL2_mixer.framework in Frameworks */,
				436280B72236354100C911AD /* Cocoa.framework in Frameworks */,
				436280B52236352000C911AD /* AudioUnit.framework in Frameworks */,
				436280B32236351000C911AD /* CoreAudio.framework in Frameworks */,
				436280812236241F00C911AD /* libdevilution.a in Frameworks */,
				436280822236241F00C911AD /* libPKWare.a in Frameworks */,
				436280832236241F00C911AD /* libRadon.a in Frameworks */,
				436280842236241F00C911AD /* libsmacker.a in Frameworks */,
				436280852236241F00C911AD /* libStormLib.a in Frameworks */,
			);
			runOnlyForDeploymentPostprocessing = 0;
		};
/* End PBXFrameworksBuildPhase section */

/* Begin PBXGroup section */
		06E348E3DB0A430587A05BBD /* PKWare */ = {
			isa = PBXGroup;
			children = (
				E09D33766D914A78998F2070 /* Source Files */,
			);
			name = PKWare;
			sourceTree = "<group>";
		};
		23279744C0AF493896E2217C /* Products */ = {
			isa = PBXGroup;
			children = (
				646292CBB776434AA4CA1C94 /* libPKWare.a */,
				92E1DAF5C7BA48E5A1E39C04 /* libRadon.a */,
				F249E02C422E4EC2B812E004 /* libStormLib.a */,
				3ECD637555514971BCD3E90E /* libdevilution.a */,
				DCC453E263C842279A5E02E7 /* libsmacker.a */,
				43BF58B52235DEB8001F9748 /* devilutionX.app */,
			);
			name = Products;
			sourceTree = "<group>";
		};
		338E2728766944BB8C4F6A95 /* Source Files */ = {
			isa = PBXGroup;
			children = (
				4362B51D223E2B8600633F20 /* FileStream.cpp */,
				4362B51B223E2B8600633F20 /* SBaseCommon.cpp */,
				4362B518223E2B8600633F20 /* SBaseFileTable.cpp */,
				4362B517223E2B8600633F20 /* SBaseSubTypes.cpp */,
				4362B519223E2B8600633F20 /* SCompression.cpp */,
				4362B51C223E2B8600633F20 /* SFileExtractFile.cpp */,
				4362B513223E2B8500633F20 /* SFileFindFile.cpp */,
				4362B514223E2B8500633F20 /* SFileGetFileInfo.cpp */,
				4362B515223E2B8500633F20 /* SFileOpenArchive.cpp */,
				4362B516223E2B8600633F20 /* SFileOpenFileEx.cpp */,
				4362B51A223E2B8600633F20 /* SFileReadFile.cpp */,
			);
			name = "Source Files";
			sourceTree = "<group>";
		};
		43BF58ED2235E0E1001F9748 /* Frameworks */ = {
			isa = PBXGroup;
			children = (
				433449A222404FFA003AB4F2 /* libpng16.16.dylib */,
				43398741223E5CB0001F8420 /* SDL2_mixer.framework */,
				4339873F223E5CAB001F8420 /* SDL2_ttf.framework */,
				4339873D223E5C1A001F8420 /* SDL2.framework */,
				436280C3223635FD00C911AD /* Foundation.framework */,
				436280B62236354100C911AD /* Cocoa.framework */,
				436280B42236352000C911AD /* AudioUnit.framework */,
				436280B22236351000C911AD /* CoreAudio.framework */,
			);
			name = Frameworks;
			sourceTree = "<group>";
		};
		47705255650E4CFC92B1503F /* smacker */ = {
			isa = PBXGroup;
			children = (
				4B80E244468D4EF285280BBA /* Source Files */,
			);
			name = smacker;
			sourceTree = "<group>";
		};
		4B80E244468D4EF285280BBA /* Source Files */ = {
			isa = PBXGroup;
			children = (
				622A8C6A02D94FFC996C2CAE /* smacker.c */,
				670494A24D7F4CFFACCD3BFB /* smk_bitstream.c */,
				500C9F6E13FE44BFAEFCB81B /* smk_hufftree.c */,
			);
			name = "Source Files";
			sourceTree = "<group>";
		};
		5DF51F706DAB42D8B35DE8D9 /* StormLib */ = {
			isa = PBXGroup;
			children = (
				338E2728766944BB8C4F6A95 /* Source Files */,
			);
			name = StormLib;
			sourceTree = "<group>";
		};
		7F95B2EF6FB44A038C321DA7 /* Source Files */ = {
			isa = PBXGroup;
			children = (
				43B6C72B2240686D007313EA /* appfat.cpp */,
				43B6C7212240686A007313EA /* automap.cpp */,
				43B6C7312240686F007313EA /* capture.cpp */,
				43B6C74622406874007313EA /* codec.cpp */,
				43B6C71F2240686A007313EA /* control.cpp */,
				43B6C70E22406867007313EA /* cursor.cpp */,
				43B6C71522406868007313EA /* dead.cpp */,
				43B6C71D22406869007313EA /* debug.cpp */,
				43B6C73F22406873007313EA /* diablo.cpp */,
				43B6C7252240686B007313EA /* doom.cpp */,
				43B6C71222406867007313EA /* drlg_l1.cpp */,
				43B6C73722406871007313EA /* drlg_l2.cpp */,
				43B6C71322406868007313EA /* drlg_l3.cpp */,
				43B6C73822406871007313EA /* drlg_l4.cpp */,
				43B6C73E22406872007313EA /* dthread.cpp */,
				43B6C73B22406872007313EA /* effects.cpp */,
				43B6C74022406873007313EA /* encrypt.cpp */,
				43B6C73522406870007313EA /* engine.cpp */,
				43B6C70A22406866007313EA /* error.cpp */,
				43B6C7202240686A007313EA /* fault.cpp */,
				43B6C72E2240686E007313EA /* gamemenu.cpp */,
				43B6C71C22406869007313EA /* gendung.cpp */,
				43B6C70B22406866007313EA /* gmenu.cpp */,
				43B6C70D22406867007313EA /* help.cpp */,
				43B6C70C22406866007313EA /* init.cpp */,
				43B6C71422406868007313EA /* interfac.cpp */,
				43B6C73C22406872007313EA /* inv.cpp */,
				43B6C71022406867007313EA /* items.cpp */,
				43B6C74722406875007313EA /* lighting.cpp */,
				43B6C72F2240686F007313EA /* loadsave.cpp */,
				43B6C7222240686A007313EA /* logging.cpp */,
				43B6C7302240686F007313EA /* mainmenu.cpp */,
				43B6C7242240686B007313EA /* minitext.cpp */,
				43B6C71622406868007313EA /* missiles.cpp */,
				43B6C74822406875007313EA /* monster.cpp */,
				43B6C72A2240686D007313EA /* movie.cpp */,
				43B6C72D2240686E007313EA /* mpqapi.cpp */,
				43B6C71722406868007313EA /* msg.cpp */,
				43B6C74922406875007313EA /* msgcmd.cpp */,
				43B6C71E22406869007313EA /* multi.cpp */,
				43B6C73422406870007313EA /* nthread.cpp */,
				43B6C72C2240686E007313EA /* objects.cpp */,
				43B6C74122406873007313EA /* pack.cpp */,
				43B6C73322406870007313EA /* palette.cpp */,
				43B6C7322240686F007313EA /* path.cpp */,
				43B6C73922406871007313EA /* pfile.cpp */,
				43B6C70F22406867007313EA /* player.cpp */,
				43B6C7232240686A007313EA /* plrmsg.cpp */,
				43B6C71922406869007313EA /* portal.cpp */,
				43B6C74222406873007313EA /* quests.cpp */,
				43B6C73622406870007313EA /* render.cpp */,
				43B6C73D22406872007313EA /* restrict.cpp */,
				43B6C74B22406875007313EA /* scrollrt.cpp */,
				43B6C74322406874007313EA /* setmaps.cpp */,
				43B6C7272240686C007313EA /* sha.cpp */,
				43B6C71822406868007313EA /* spells.cpp */,
				43B6C71122406867007313EA /* stores.cpp */,
				43B6C7282240686C007313EA /* sync.cpp */,
				43B6C7262240686C007313EA /* textdat.cpp */,
				43B6C7292240686D007313EA /* themes.cpp */,
				43B6C71B22406869007313EA /* tmsg.cpp */,
				43B6C74422406874007313EA /* town.cpp */,
				43B6C74A22406875007313EA /* towners.cpp */,
				43B6C71A22406869007313EA /* track.cpp */,
				43B6C74522406874007313EA /* trigs.cpp */,
				43B6C73A22406872007313EA /* wave.cpp */,
			);
			name = "Source Files";
			sourceTree = "<group>";
		};
		86FBB5C8DE834754AAFEC0C4 /* devilutionx */ = {
			isa = PBXGroup;
			children = (
				E1EABD1AC2D8479DB77DBAE9 /* Source Files */,
			);
			name = devilutionx;
			sourceTree = "<group>";
		};
		9C3F8B1EBE5743E5AE9F0B20 /* Radon */ = {
			isa = PBXGroup;
			children = (
				FB4E20065E074B88975B30BC /* Source Files */,
			);
			name = Radon;
			sourceTree = "<group>";
		};
		9D3E0550F1EA4EA2A17A9E26 = {
			isa = PBXGroup;
			children = (
				43BA39AF22375925009041FF /* AppIcon.xcassets */,
				EB810BD60A924AB892F50DFA /* devilution */,
				86FBB5C8DE834754AAFEC0C4 /* devilutionx */,
				43BF58ED2235E0E1001F9748 /* Frameworks */,
				4362B4F8223E127E00633F20 /* Info.plist */,
				06E348E3DB0A430587A05BBD /* PKWare */,
				23279744C0AF493896E2217C /* Products */,
				9C3F8B1EBE5743E5AE9F0B20 /* Radon */,
				47705255650E4CFC92B1503F /* smacker */,
				5DF51F706DAB42D8B35DE8D9 /* StormLib */,
			);
			sourceTree = "<group>";
		};
		E09D33766D914A78998F2070 /* Source Files */ = {
			isa = PBXGroup;
			children = (
				6D7FE30F050049FB933D2788 /* explode.cpp */,
				B1B2D29A5A284CD29205745F /* implode.cpp */,
			);
			name = "Source Files";
			sourceTree = "<group>";
		};
		E1EABD1AC2D8479DB77DBAE9 /* Source Files */ = {
			isa = PBXGroup;
			children = (
				43B6C7992240688A007313EA /* abstract_net.cpp */,
				43B6C79022406888007313EA /* base.cpp */,
				43B6C7A92240688C007313EA /* credits.cpp */,
				43DA13382271574800E21D4A /* ddraw.cpp */,
				43B6C79122406889007313EA /* diabloui.cpp */,
				43B6C7AA2240688D007313EA /* dialogs.cpp */,
				43DA13352271574700E21D4A /* dsound.cpp */,
				43B6C7A02240688B007313EA /* dx.cpp */,
				43B6C79A2240688A007313EA /* frame_queue.cpp */,
				43B6C7A62240688C007313EA /* loopback.cpp */,
				43B6C79722406889007313EA /* main.cpp */,
				43B6C79222406889007313EA /* mainmenu.cpp */,
				43B6C78F22406888007313EA /* misc_dx.cpp */,
				43B6C79522406889007313EA /* packet.cpp */,
				43B6C79322406889007313EA /* progress.cpp */,
				43B6C7A22240688B007313EA /* rand.cpp */,
				43B6C79422406889007313EA /* selconn.cpp */,
				43B6C7A42240688B007313EA /* selgame.cpp */,
				43B6C7A72240688C007313EA /* selhero.cpp */,
				43B6C79D2240688A007313EA /* sound.cpp */,
				43B6C7A82240688C007313EA /* storm_dx.cpp */,
				43B6C79622406889007313EA /* storm_net.cpp */,
				43B6C7AB2240688D007313EA /* storm.cpp */,
				43B6C7A12240688B007313EA /* tcp_client.cpp */,
				43B6C7A52240688C007313EA /* tcp_server.cpp */,
				43B6C79F2240688B007313EA /* title.cpp */,
				43B6C78E22406888007313EA /* udp_p2p.cpp */,
			);
			name = "Source Files";
			sourceTree = "<group>";
		};
		EB810BD60A924AB892F50DFA /* devilution */ = {
			isa = PBXGroup;
			children = (
				7F95B2EF6FB44A038C321DA7 /* Source Files */,
				A8C902DAE79069232EF316BF /* itemdat.cpp */,
				D7AC290594F8E8AFC64A9BD6 /* misdat.cpp */,
				DE0A12E19BA25264D89498BD /* monstdat.cpp */,
				9544864FEB328522685D5D6E /* objdat.cpp */,
				BF5EF1B0CBE63E676700D98F /* spelldat.cpp */,
			);
			name = devilution;
			sourceTree = "<group>";
		};
		FB4E20065E074B88975B30BC /* Source Files */ = {
			isa = PBXGroup;
			children = (
				722EB8D86DBF49368AAFEE3C /* File.cpp */,
				C0B8A000CA684B9FAF88F313 /* Key.cpp */,
				B229DB87369B4D76B0A60580 /* Named.cpp */,
				6F074DDFE42C4B46A93CC4A9 /* Section.cpp */,
			);
			name = "Source Files";
			sourceTree = "<group>";
		};
/* End PBXGroup section */

/* Begin PBXNativeTarget section */
		43BF58B42235DEB8001F9748 /* devilutionX */ = {
			isa = PBXNativeTarget;
			buildConfigurationList = 43BF58C72235DEBA001F9748 /* Build configuration list for PBXNativeTarget "devilutionX" */;
			buildPhases = (
				43BF58B12235DEB8001F9748 /* Sources */,
				4362804D22360E6300C911AD /* Frameworks */,
				43BA39B022375D85009041FF /* Resources */,
				4339874F223E5D3B001F8420 /* Embed Libraries */,
			);
			buildRules = (
			);
			dependencies = (
				43BF58E42235DF38001F9748 /* PBXTargetDependency */,
				43BF58E62235DF38001F9748 /* PBXTargetDependency */,
				43BF58E82235DF38001F9748 /* PBXTargetDependency */,
				43BF58EA2235DF38001F9748 /* PBXTargetDependency */,
				43BF58EC2235DF38001F9748 /* PBXTargetDependency */,
			);
			name = devilutionX;
			productName = devilutionX;
			productReference = 43BF58B52235DEB8001F9748 /* devilutionX.app */;
			productType = "com.apple.product-type.application";
		};
		45A6FB291E254A42B07B837A /* PKWare */ = {
			isa = PBXNativeTarget;
			buildConfigurationList = 9BC44C18FD844BCA81EFBC2A /* Build configuration list for PBXNativeTarget "PKWare" */;
			buildPhases = (
				9AC0F5B223234720B0B61480 /* Sources */,
			);
			buildRules = (
			);
			dependencies = (
			);
			name = PKWare;
			productName = PKWare;
			productReference = 646292CBB776434AA4CA1C94 /* libPKWare.a */;
			productType = "com.apple.product-type.library.static";
		};
		60C4DCB37F3949359E12B905 /* StormLib */ = {
			isa = PBXNativeTarget;
			buildConfigurationList = EB25CC9FEC7E43D7B97D601E /* Build configuration list for PBXNativeTarget "StormLib" */;
			buildPhases = (
				D25CF368AFE1444EB990BBB5 /* Sources */,
			);
			buildRules = (
			);
			dependencies = (
			);
			name = StormLib;
			productName = StormLib;
			productReference = F249E02C422E4EC2B812E004 /* libStormLib.a */;
			productType = "com.apple.product-type.library.static";
		};
		64913315C42A4243875272AC /* Radon */ = {
			isa = PBXNativeTarget;
			buildConfigurationList = 23DD3448EB57437FBEFBC377 /* Build configuration list for PBXNativeTarget "Radon" */;
			buildPhases = (
				B09D680B273E44FEB1001E43 /* Sources */,
			);
			buildRules = (
			);
			dependencies = (
			);
			name = Radon;
			productName = Radon;
			productReference = 92E1DAF5C7BA48E5A1E39C04 /* libRadon.a */;
			productType = "com.apple.product-type.library.static";
		};
		AF5532C037DF4786A9C82C88 /* devilution */ = {
			isa = PBXNativeTarget;
			buildConfigurationList = 162A6B8FECE24737896DF9D5 /* Build configuration list for PBXNativeTarget "devilution" */;
			buildPhases = (
				19BEEE90D99441CDACDA4A0C /* Sources */,
			);
			buildRules = (
			);
			dependencies = (
				EA50827972F24753BEA1E0D0 /* PBXTargetDependency */,
			);
			name = devilution;
			productName = devilution;
			productReference = 3ECD637555514971BCD3E90E /* libdevilution.a */;
			productType = "com.apple.product-type.library.static";
		};
		CC8BED88EFA34709B5C2747E /* smacker */ = {
			isa = PBXNativeTarget;
			buildConfigurationList = E86850B007D64E4BBB3FB131 /* Build configuration list for PBXNativeTarget "smacker" */;
			buildPhases = (
				C99D793263F84957A871B95F /* Sources */,
			);
			buildRules = (
			);
			dependencies = (
			);
			name = smacker;
			productName = smacker;
			productReference = DCC453E263C842279A5E02E7 /* libsmacker.a */;
			productType = "com.apple.product-type.library.static";
		};
/* End PBXNativeTarget section */

/* Begin PBXProject section */
		E0429BFFD232408CA26C47C4 /* Project object */ = {
			isa = PBXProject;
			attributes = {
				BuildIndependentTargetsInParallel = YES;
				LastUpgradeCheck = 1010;
				TargetAttributes = {
					43BF58B42235DEB8001F9748 = {
						CreatedOnToolsVersion = 10.1;
						ProvisioningStyle = Manual;
					};
				};
			};
			buildConfigurationList = FDF9B493085A445C94F9DFB4 /* Build configuration list for PBXProject "devilutionX" */;
			compatibilityVersion = "Xcode 3.2";
			developmentRegion = en;
			hasScannedForEncodings = 0;
			knownRegions = (
				en,
				Base,
			);
			mainGroup = 9D3E0550F1EA4EA2A17A9E26;
			productRefGroup = 23279744C0AF493896E2217C /* Products */;
			projectDirPath = ../;
			projectRoot = "";
			targets = (
				45A6FB291E254A42B07B837A /* PKWare */,
				64913315C42A4243875272AC /* Radon */,
				60C4DCB37F3949359E12B905 /* StormLib */,
				AF5532C037DF4786A9C82C88 /* devilution */,
				43BF58B42235DEB8001F9748 /* devilutionX */,
				CC8BED88EFA34709B5C2747E /* smacker */,
			);
		};
/* End PBXProject section */

/* Begin PBXResourcesBuildPhase section */
		43BA39B022375D85009041FF /* Resources */ = {
			isa = PBXResourcesBuildPhase;
			buildActionMask = 2147483647;
			files = (
				4362B4F9223E127E00633F20 /* Info.plist in Resources */,
				43BA39B122375D8A009041FF /* AppIcon.xcassets in Resources */,
			);
			runOnlyForDeploymentPostprocessing = 0;
		};
/* End PBXResourcesBuildPhase section */

/* Begin PBXSourcesBuildPhase section */
		19BEEE90D99441CDACDA4A0C /* Sources */ = {
			isa = PBXSourcesBuildPhase;
			buildActionMask = 2147483647;
			files = (
				43B6C82A224068CF007313EA /* appfat.cpp in Sources */,
				43B6C82B224068CF007313EA /* automap.cpp in Sources */,
				43B6C82C224068CF007313EA /* capture.cpp in Sources */,
				43B6C82D224068CF007313EA /* codec.cpp in Sources */,
				43B6C82E224068CF007313EA /* control.cpp in Sources */,
				43B6C82F224068CF007313EA /* cursor.cpp in Sources */,
				43B6C830224068CF007313EA /* dead.cpp in Sources */,
				43B6C831224068CF007313EA /* debug.cpp in Sources */,
				43B6C832224068CF007313EA /* diablo.cpp in Sources */,
				43B6C833224068CF007313EA /* doom.cpp in Sources */,
				43B6C834224068CF007313EA /* drlg_l1.cpp in Sources */,
				43B6C835224068CF007313EA /* drlg_l2.cpp in Sources */,
				43B6C836224068CF007313EA /* drlg_l3.cpp in Sources */,
				43B6C837224068CF007313EA /* drlg_l4.cpp in Sources */,
				43B6C838224068CF007313EA /* dthread.cpp in Sources */,
				43B6C839224068CF007313EA /* effects.cpp in Sources */,
				43B6C83A224068CF007313EA /* encrypt.cpp in Sources */,
				43B6C83B224068CF007313EA /* engine.cpp in Sources */,
				43B6C83C224068CF007313EA /* error.cpp in Sources */,
				43B6C83D224068CF007313EA /* fault.cpp in Sources */,
				43B6C83E224068CF007313EA /* gamemenu.cpp in Sources */,
				43B6C83F224068CF007313EA /* gendung.cpp in Sources */,
				43B6C840224068CF007313EA /* gmenu.cpp in Sources */,
				43B6C841224068CF007313EA /* help.cpp in Sources */,
				43B6C842224068CF007313EA /* init.cpp in Sources */,
				43B6C843224068CF007313EA /* interfac.cpp in Sources */,
				43B6C844224068CF007313EA /* inv.cpp in Sources */,
				43B6C845224068CF007313EA /* items.cpp in Sources */,
				43B6C846224068CF007313EA /* lighting.cpp in Sources */,
				43B6C847224068CF007313EA /* loadsave.cpp in Sources */,
				43B6C848224068CF007313EA /* logging.cpp in Sources */,
				43B6C849224068CF007313EA /* mainmenu.cpp in Sources */,
				43B6C84A224068CF007313EA /* minitext.cpp in Sources */,
				43B6C84B224068CF007313EA /* missiles.cpp in Sources */,
				43B6C84C224068CF007313EA /* monster.cpp in Sources */,
				43B6C84D224068CF007313EA /* movie.cpp in Sources */,
				43B6C84E224068CF007313EA /* mpqapi.cpp in Sources */,
				43B6C84F224068CF007313EA /* msg.cpp in Sources */,
				43B6C850224068CF007313EA /* msgcmd.cpp in Sources */,
				43B6C851224068CF007313EA /* multi.cpp in Sources */,
				43B6C852224068CF007313EA /* nthread.cpp in Sources */,
				43B6C853224068CF007313EA /* objects.cpp in Sources */,
				43B6C854224068CF007313EA /* pack.cpp in Sources */,
				43B6C855224068CF007313EA /* palette.cpp in Sources */,
				43B6C856224068CF007313EA /* path.cpp in Sources */,
				43B6C857224068CF007313EA /* pfile.cpp in Sources */,
				43B6C858224068CF007313EA /* player.cpp in Sources */,
				43B6C859224068CF007313EA /* plrmsg.cpp in Sources */,
				43B6C85A224068CF007313EA /* portal.cpp in Sources */,
				43B6C85B224068CF007313EA /* quests.cpp in Sources */,
				43B6C85C224068CF007313EA /* render.cpp in Sources */,
				43B6C85D224068CF007313EA /* restrict.cpp in Sources */,
				43B6C85E224068CF007313EA /* scrollrt.cpp in Sources */,
				43B6C85F224068CF007313EA /* setmaps.cpp in Sources */,
				43B6C860224068CF007313EA /* sha.cpp in Sources */,
				43B6C861224068CF007313EA /* spells.cpp in Sources */,
				43B6C862224068CF007313EA /* stores.cpp in Sources */,
				43B6C863224068CF007313EA /* sync.cpp in Sources */,
				43B6C864224068CF007313EA /* textdat.cpp in Sources */,
				43B6C865224068CF007313EA /* themes.cpp in Sources */,
				43B6C866224068CF007313EA /* tmsg.cpp in Sources */,
				43B6C867224068CF007313EA /* town.cpp in Sources */,
				43B6C868224068CF007313EA /* towners.cpp in Sources */,
				43B6C869224068CF007313EA /* track.cpp in Sources */,
				43B6C86A224068CF007313EA /* trigs.cpp in Sources */,
				43B6C86B224068CF007313EA /* wave.cpp in Sources */,
				F16C32785EE2116E6D0573E5 /* itemdat.cpp in Sources */,
				769D23B7F293054B68BEE3D8 /* misdat.cpp in Sources */,
				2C3599B2CA5DBDB42B1BE7A8 /* monstdat.cpp in Sources */,
				83FC98A9D008E3B0FC44D7BC /* objdat.cpp in Sources */,
				032E95600DA8694091B99E01 /* spelldat.cpp in Sources */,
			);
			runOnlyForDeploymentPostprocessing = 0;
		};
		43BF58B12235DEB8001F9748 /* Sources */ = {
			isa = PBXSourcesBuildPhase;
			buildActionMask = 2147483647;
			files = (
				43B6C7CA224068AB007313EA /* abstract_net.cpp in Sources */,
				43B6C7CB224068AB007313EA /* base.cpp in Sources */,
				43DA133E2271574900E21D4A /* misc_io.cpp in Sources */,
				43B6C7CC224068AB007313EA /* credits.cpp in Sources */,
				43B6C7CD224068AB007313EA /* diabloui.cpp in Sources */,
				43B6C7CE224068AB007313EA /* dialogs.cpp in Sources */,
				43DA13402271574900E21D4A /* ddraw.cpp in Sources */,
				43B6C7D0224068AB007313EA /* dx.cpp in Sources */,
				43B6C7D1224068AB007313EA /* frame_queue.cpp in Sources */,
				43B6C7D2224068AB007313EA /* loopback.cpp in Sources */,
				43B6C7D3224068AB007313EA /* main.cpp in Sources */,
				43B6C7D4224068AB007313EA /* mainmenu.cpp in Sources */,
				43B6C7D5224068AB007313EA /* misc_dx.cpp in Sources */,
				43DA13422271574900E21D4A /* misc.cpp in Sources */,
				43B6C7D9224068AB007313EA /* packet.cpp in Sources */,
				805FB64722DD7E4A00BDC35B /* selyesno.cpp in Sources */,
				43DA13412271574900E21D4A /* misc_msg.cpp in Sources */,
				43DA133F2271574900E21D4A /* dsound.cpp in Sources */,
				43B6C7DA224068AB007313EA /* progress.cpp in Sources */,
				43B6C7DB224068AB007313EA /* rand.cpp in Sources */,
				43B6C7DC224068AB007313EA /* selconn.cpp in Sources */,
				43B6C7DD224068AB007313EA /* selgame.cpp in Sources */,
				43B6C7DE224068AB007313EA /* selhero.cpp in Sources */,
				43B6C7DF224068AB007313EA /* sound.cpp in Sources */,
				43B6C7E0224068AB007313EA /* storm_dx.cpp in Sources */,
				43B6C7E1224068AB007313EA /* storm_net.cpp in Sources */,
				43DA133C2271574900E21D4A /* thread.cpp in Sources */,
				43B6C7E2224068AB007313EA /* storm.cpp in Sources */,
				43B6C7E3224068AB007313EA /* tcp_client.cpp in Sources */,
				43B6C7E4224068AB007313EA /* tcp_server.cpp in Sources */,
				43B6C7E6224068AB007313EA /* title.cpp in Sources */,
				43B6C7E7224068AB007313EA /* udp_p2p.cpp in Sources */,
			);
			runOnlyForDeploymentPostprocessing = 0;
		};
		9AC0F5B223234720B0B61480 /* Sources */ = {
			isa = PBXSourcesBuildPhase;
			buildActionMask = 2147483647;
			files = (
				8305C713732C4CECA36F37E9 /* explode.cpp in Sources */,
				8FA4E9B3FA7D4B6AAB10EF73 /* implode.cpp in Sources */,
			);
			runOnlyForDeploymentPostprocessing = 0;
		};
		B09D680B273E44FEB1001E43 /* Sources */ = {
			isa = PBXSourcesBuildPhase;
			buildActionMask = 2147483647;
			files = (
				F425942E977042C9AAD29647 /* File.cpp in Sources */,
				C794AF87232B4745B3C48397 /* Key.cpp in Sources */,
				FB80B52A619D452FA9BDE316 /* Named.cpp in Sources */,
				EF709BC9D0B245338D17E9D7 /* Section.cpp in Sources */,
			);
			runOnlyForDeploymentPostprocessing = 0;
		};
		C99D793263F84957A871B95F /* Sources */ = {
			isa = PBXSourcesBuildPhase;
			buildActionMask = 2147483647;
			files = (
				73E86BC9E2714148AD560C46 /* smacker.c in Sources */,
				652BBCD55FBE46CC941FD64C /* smk_bitstream.c in Sources */,
				E3C499D08A284F95BDB46B42 /* smk_hufftree.c in Sources */,
			);
			runOnlyForDeploymentPostprocessing = 0;
		};
		D25CF368AFE1444EB990BBB5 /* Sources */ = {
			isa = PBXSourcesBuildPhase;
			buildActionMask = 2147483647;
			files = (
				4362B522223E2B8600633F20 /* SBaseSubTypes.cpp in Sources */,
				4362B525223E2B8600633F20 /* SFileReadFile.cpp in Sources */,
				4362B524223E2B8600633F20 /* SCompression.cpp in Sources */,
				4362B527223E2B8600633F20 /* SFileExtractFile.cpp in Sources */,
				4362B51F223E2B8600633F20 /* SFileGetFileInfo.cpp in Sources */,
				4362B528223E2B8600633F20 /* FileStream.cpp in Sources */,
				4362B526223E2B8600633F20 /* SBaseCommon.cpp in Sources */,
				4362B51E223E2B8600633F20 /* SFileFindFile.cpp in Sources */,
				4362B521223E2B8600633F20 /* SFileOpenFileEx.cpp in Sources */,
				4362B520223E2B8600633F20 /* SFileOpenArchive.cpp in Sources */,
				4362B523223E2B8600633F20 /* SBaseFileTable.cpp in Sources */,
			);
			runOnlyForDeploymentPostprocessing = 0;
		};
/* End PBXSourcesBuildPhase section */

/* Begin PBXTargetDependency section */
		43BF58E42235DF38001F9748 /* PBXTargetDependency */ = {
			isa = PBXTargetDependency;
			target = 45A6FB291E254A42B07B837A /* PKWare */;
			targetProxy = 43BF58E32235DF38001F9748 /* PBXContainerItemProxy */;
		};
		43BF58E62235DF38001F9748 /* PBXTargetDependency */ = {
			isa = PBXTargetDependency;
			target = 64913315C42A4243875272AC /* Radon */;
			targetProxy = 43BF58E52235DF38001F9748 /* PBXContainerItemProxy */;
		};
		43BF58E82235DF38001F9748 /* PBXTargetDependency */ = {
			isa = PBXTargetDependency;
			target = 60C4DCB37F3949359E12B905 /* StormLib */;
			targetProxy = 43BF58E72235DF38001F9748 /* PBXContainerItemProxy */;
		};
		43BF58EA2235DF38001F9748 /* PBXTargetDependency */ = {
			isa = PBXTargetDependency;
			target = AF5532C037DF4786A9C82C88 /* devilution */;
			targetProxy = 43BF58E92235DF38001F9748 /* PBXContainerItemProxy */;
		};
		43BF58EC2235DF38001F9748 /* PBXTargetDependency */ = {
			isa = PBXTargetDependency;
			target = CC8BED88EFA34709B5C2747E /* smacker */;
			targetProxy = 43BF58EB2235DF38001F9748 /* PBXContainerItemProxy */;
		};
		EA50827972F24753BEA1E0D0 /* PBXTargetDependency */ = {
			isa = PBXTargetDependency;
			target = 45A6FB291E254A42B07B837A /* PKWare */;
			targetProxy = D6E273B586C84AEEB5A61903 /* PBXContainerItemProxy */;
		};
/* End PBXTargetDependency section */

/* Begin XCBuildConfiguration section */
		006FF72AA7574ACEB9316F6B /* Release */ = {
			isa = XCBuildConfiguration;
			buildSettings = {
				ARCHS = (
					"$(ARCHS_STANDARD)",
					i386,
				);
				CLANG_CXX_LIBRARY = "libc++";
				COMBINE_HIDPI_IMAGES = YES;
				EXECUTABLE_PREFIX = lib;
				EXECUTABLE_SUFFIX = .a;
				GCC_GENERATE_DEBUGGING_SYMBOLS = NO;
				GCC_INLINES_ARE_PRIVATE_EXTERN = NO;
				GCC_OPTIMIZATION_LEVEL = 0;
				GCC_PREPROCESSOR_DEFINITIONS = "";
				GCC_SYMBOLS_PRIVATE_EXTERN = NO;
				INSTALL_PATH = "";
				LIBRARY_STYLE = STATIC;
				MACOSX_DEPLOYMENT_TARGET = 10.13;
				ONLY_ACTIVE_ARCH = NO;
				OTHER_CPLUSPLUSFLAGS = (
					"-DNDEBUG",
					"'-std=c++14'",
				);
				OTHER_LIBTOOLFLAGS = " ";
				OTHER_REZFLAGS = "";
				PRODUCT_NAME = Radon;
				SDKROOT = macosx10.13;
				SECTORDER_FLAGS = "";
				SYMROOT = "$(SRCROOT)/build";
				USE_HEADERMAP = NO;
				WARNING_CFLAGS = (
					"-Wmost",
					"-Wno-four-char-constants",
					"-Wno-unknown-pragmas",
					"$(inherited)",
				);
			};
			name = Release;
		};
		28E8B2DA13AF4D7AA5D60FFC /* Debug */ = {
			isa = XCBuildConfiguration;
			buildSettings = {
				ARCHS = (
					"$(ARCHS_STANDARD)",
					i386,
				);
				CLANG_CXX_LIBRARY = "libc++";
				COMBINE_HIDPI_IMAGES = YES;
				EXECUTABLE_PREFIX = lib;
				EXECUTABLE_SUFFIX = .a;
				GCC_GENERATE_DEBUGGING_SYMBOLS = YES;
				GCC_INLINES_ARE_PRIVATE_EXTERN = NO;
				GCC_OPTIMIZATION_LEVEL = 0;
				GCC_PREPROCESSOR_DEFINITIONS = "";
				GCC_SYMBOLS_PRIVATE_EXTERN = NO;
				INSTALL_PATH = "";
				LIBRARY_STYLE = STATIC;
				MACOSX_DEPLOYMENT_TARGET = 10.13;
				ONLY_ACTIVE_ARCH = NO;
				OTHER_CPLUSPLUSFLAGS = "'-std=c++14'";
				OTHER_LIBTOOLFLAGS = " ";
				OTHER_REZFLAGS = "";
				PRODUCT_NAME = Radon;
				SDKROOT = macosx10.13;
				SECTORDER_FLAGS = "";
				SYMROOT = "$(SRCROOT)/build";
				USE_HEADERMAP = NO;
				WARNING_CFLAGS = (
					"-Wmost",
					"-Wno-four-char-constants",
					"-Wno-unknown-pragmas",
					"$(inherited)",
				);
			};
			name = Debug;
		};
		43BF58C32235DEBA001F9748 /* Debug */ = {
			isa = XCBuildConfiguration;
			buildSettings = {
				ALWAYS_SEARCH_USER_PATHS = NO;
				ARCHS = i386;
				ASSETCATALOG_COMPILER_APPICON_NAME = AppIcon;
				CLANG_ANALYZER_NONNULL = YES;
				CLANG_ANALYZER_NUMBER_OBJECT_CONVERSION = YES_AGGRESSIVE;
				CLANG_CXX_LANGUAGE_STANDARD = "c++14";
				CLANG_CXX_LIBRARY = "libc++";
				CLANG_ENABLE_MODULES = YES;
				CLANG_ENABLE_OBJC_ARC = NO;
				CLANG_ENABLE_OBJC_WEAK = NO;
				CLANG_WARN_BLOCK_CAPTURE_AUTORELEASING = YES;
				CLANG_WARN_BOOL_CONVERSION = NO;
				CLANG_WARN_COMMA = YES;
				CLANG_WARN_CONSTANT_CONVERSION = NO;
				CLANG_WARN_DEPRECATED_OBJC_IMPLEMENTATIONS = YES;
				CLANG_WARN_DIRECT_OBJC_ISA_USAGE = YES_ERROR;
				CLANG_WARN_DOCUMENTATION_COMMENTS = YES;
				CLANG_WARN_EMPTY_BODY = YES;
				CLANG_WARN_ENUM_CONVERSION = YES;
				CLANG_WARN_INFINITE_RECURSION = YES;
				CLANG_WARN_INT_CONVERSION = YES;
				CLANG_WARN_NON_LITERAL_NULL_CONVERSION = YES;
				CLANG_WARN_OBJC_IMPLICIT_RETAIN_SELF = YES;
				CLANG_WARN_OBJC_LITERAL_CONVERSION = YES;
				CLANG_WARN_OBJC_ROOT_CLASS = YES_ERROR;
				CLANG_WARN_RANGE_LOOP_ANALYSIS = YES;
				CLANG_WARN_STRICT_PROTOTYPES = YES;
				CLANG_WARN_SUSPICIOUS_MOVE = YES;
				CLANG_WARN_UNGUARDED_AVAILABILITY = YES_AGGRESSIVE;
				CLANG_WARN_UNREACHABLE_CODE = YES;
				CLANG_WARN__DUPLICATE_METHOD_MATCH = YES;
				CODE_SIGN_ENTITLEMENTS = "";
				CODE_SIGN_IDENTITY = "";
				CODE_SIGN_INJECT_BASE_ENTITLEMENTS = NO;
				CODE_SIGN_STYLE = Manual;
				COMBINE_HIDPI_IMAGES = YES;
				COPY_PHASE_STRIP = NO;
				CREATE_INFOPLIST_SECTION_IN_BINARY = NO;
				DEBUG_INFORMATION_FORMAT = "dwarf-with-dsym";
				ENABLE_STRICT_OBJC_MSGSEND = YES;
				ENABLE_TESTABILITY = NO;
				FRAMEWORK_SEARCH_PATHS = (
					"$(PROJECT_DIR)/libs/frameworks",
					"$(PROJECT_DIR)",
				);
				GCC_C_LANGUAGE_STANDARD = c11;
				GCC_DYNAMIC_NO_PIC = NO;
				GCC_NO_COMMON_BLOCKS = YES;
				GCC_OPTIMIZATION_LEVEL = 0;
				GCC_PREPROCESSOR_DEFINITIONS = (
					ASIO_STANDALONE,
					DEVILUTION_STUB,
					_DEBUG,
					FASTER,
				);
				GCC_WARN_64_TO_32_BIT_CONVERSION = NO;
				GCC_WARN_ABOUT_RETURN_TYPE = NO;
				GCC_WARN_UNDECLARED_SELECTOR = YES;
				GCC_WARN_UNINITIALIZED_AUTOS = YES_AGGRESSIVE;
				GCC_WARN_UNUSED_FUNCTION = YES;
				GCC_WARN_UNUSED_VARIABLE = YES;
				HEADER_SEARCH_PATHS = (
					"$(PROJECT_DIR)/SourceX",
					"$(PROJECT_DIR)/3rdParty/asio/include",
					"$(PROJECT_DIR)/3rdParty/Radon/Radon/include",
					"$(PROJECT_DIR)/3rdParty/libsmacker",
					"$(PROJECT_DIR)/3rdParty/StromLib/src",
					"$(PROJECT_DIR)/.",
					"$(PROJECT_DIR)/Source",
					"$(PROJECT_DIR)/SourceS",
				);
				INFOPLIST_EXPAND_BUILD_SETTINGS = YES;
				INFOPLIST_FILE = "$(SRCROOT)/Xcode/Info.plist";
				INFOPLIST_PREPROCESS = NO;
				LD_RUNPATH_SEARCH_PATHS = "$(inherited) @executable_path/../Frameworks $(PROJECT_DIR)/libs/frameworks";
				LIBRARY_SEARCH_PATHS = (
					"$(inherited)",
					"$(PROJECT_DIR)",
					/usr/local/lib,
					"$(PROJECT_DIR)/3rdParty/darwin",
				);
				MACOSX_DEPLOYMENT_TARGET = 10.12;
				ONLY_ACTIVE_ARCH = NO;
				OTHER_CPLUSPLUSFLAGS = (
					"-Wall",
					"-Wextra",
					"-Wno-write-strings",
					"-Wno-multichar",
					"-Wno-unused-parameter",
					"-Wno-parentheses",
					"-Wno-logical-op-parentheses",
					"-Wno-bitwise-op-parentheses",
					"-Wno-ignored-attributes",
					"-fno-omit-frame-pointer",
					"-Wno-unknown-pragmas",
					"'-std=c++14'",
				);
				OTHER_LDFLAGS = (
					"-liconv",
					"-Wl,-search_paths_first",
					"-Wl,-headerpad_max_install_names",
					/usr/local/lib/libsodium.a,
				);
				PRODUCT_BUNDLE_IDENTIFIER = deviution.devilutionX;
				PRODUCT_NAME = "$(TARGET_NAME)";
				SDKROOT = macosx10.13;
				STRIP_STYLE = all;
				SYMROOT = "$(PROJECT_DIR)/build";
				SYSTEM_FRAMEWORK_SEARCH_PATHS = "$(PROJECT_DIR)/libs/frameworks";
				SYSTEM_HEADER_SEARCH_PATHS = "/usr/local/include /usr/local/include/sodium $(PROJECT_DIR)/libs/frameworks/SDL2.framework/Headers $(PROJECT_DIR)/libs/frameworks/SDL2_ttf.framework/Headers $(PROJECT_DIR)/libs/frameworks/SDL2_mixer.framework/Headers";
				USER_HEADER_SEARCH_PATHS = "";
				VALID_ARCHS = i386;
				WARNING_CFLAGS = (
					"-Wmost",
					"-Wno-four-char-constants",
					"-Wno-unknown-pragmas",
					"$(inherited)",
				);
			};
			name = Debug;
		};
		43BF58C42235DEBA001F9748 /* Release */ = {
			isa = XCBuildConfiguration;
			buildSettings = {
				ALWAYS_SEARCH_USER_PATHS = NO;
				ARCHS = i386;
				ASSETCATALOG_COMPILER_APPICON_NAME = AppIcon;
				CLANG_ANALYZER_NONNULL = YES;
				CLANG_ANALYZER_NUMBER_OBJECT_CONVERSION = YES_AGGRESSIVE;
				CLANG_CXX_LANGUAGE_STANDARD = "c++14";
				CLANG_CXX_LIBRARY = "libc++";
				CLANG_ENABLE_MODULES = YES;
				CLANG_ENABLE_OBJC_ARC = NO;
				CLANG_ENABLE_OBJC_WEAK = NO;
				CLANG_WARN_BLOCK_CAPTURE_AUTORELEASING = YES;
				CLANG_WARN_BOOL_CONVERSION = NO;
				CLANG_WARN_COMMA = YES;
				CLANG_WARN_CONSTANT_CONVERSION = NO;
				CLANG_WARN_DEPRECATED_OBJC_IMPLEMENTATIONS = YES;
				CLANG_WARN_DIRECT_OBJC_ISA_USAGE = YES_ERROR;
				CLANG_WARN_DOCUMENTATION_COMMENTS = YES;
				CLANG_WARN_EMPTY_BODY = YES;
				CLANG_WARN_ENUM_CONVERSION = YES;
				CLANG_WARN_INFINITE_RECURSION = YES;
				CLANG_WARN_INT_CONVERSION = YES;
				CLANG_WARN_NON_LITERAL_NULL_CONVERSION = YES;
				CLANG_WARN_OBJC_IMPLICIT_RETAIN_SELF = YES;
				CLANG_WARN_OBJC_LITERAL_CONVERSION = YES;
				CLANG_WARN_OBJC_ROOT_CLASS = YES_ERROR;
				CLANG_WARN_RANGE_LOOP_ANALYSIS = YES;
				CLANG_WARN_STRICT_PROTOTYPES = YES;
				CLANG_WARN_SUSPICIOUS_MOVE = YES;
				CLANG_WARN_UNGUARDED_AVAILABILITY = YES_AGGRESSIVE;
				CLANG_WARN_UNREACHABLE_CODE = YES;
				CLANG_WARN__DUPLICATE_METHOD_MATCH = YES;
				CODE_SIGN_ENTITLEMENTS = "";
				CODE_SIGN_IDENTITY = "";
				CODE_SIGN_INJECT_BASE_ENTITLEMENTS = NO;
				CODE_SIGN_STYLE = Manual;
				COMBINE_HIDPI_IMAGES = YES;
				COPY_PHASE_STRIP = NO;
				CREATE_INFOPLIST_SECTION_IN_BINARY = NO;
				DEBUG_INFORMATION_FORMAT = "dwarf-with-dsym";
				ENABLE_NS_ASSERTIONS = YES;
				ENABLE_STRICT_OBJC_MSGSEND = YES;
				FRAMEWORK_SEARCH_PATHS = (
					"$(PROJECT_DIR)/libs/frameworks",
					"$(PROJECT_DIR)",
				);
				GCC_C_LANGUAGE_STANDARD = c11;
				GCC_NO_COMMON_BLOCKS = YES;
				GCC_OPTIMIZATION_LEVEL = 0;
				GCC_PREPROCESSOR_DEFINITIONS = (
					ASIO_STANDALONE,
					DEVILUTION_STUB,
					_DEBUG,
					FASTER,
				);
				GCC_WARN_64_TO_32_BIT_CONVERSION = NO;
				GCC_WARN_ABOUT_RETURN_TYPE = NO;
				GCC_WARN_UNDECLARED_SELECTOR = YES;
				GCC_WARN_UNINITIALIZED_AUTOS = YES_AGGRESSIVE;
				GCC_WARN_UNUSED_FUNCTION = YES;
				GCC_WARN_UNUSED_VARIABLE = YES;
				HEADER_SEARCH_PATHS = (
					"$(PROJECT_DIR)/SourceX",
					"$(PROJECT_DIR)/3rdParty/asio/include",
					"$(PROJECT_DIR)/3rdParty/Radon/Radon/include",
					"$(PROJECT_DIR)/3rdParty/libsmacker",
					"$(PROJECT_DIR)/3rdParty/StromLib/src",
					"$(PROJECT_DIR)/.",
					"$(PROJECT_DIR)/Source",
					"$(PROJECT_DIR)/SourceS",
				);
				INFOPLIST_EXPAND_BUILD_SETTINGS = YES;
				INFOPLIST_FILE = "$(SRCROOT)/Xcode/Info.plist";
				INFOPLIST_PREPROCESS = NO;
				LD_RUNPATH_SEARCH_PATHS = "$(inherited) @executable_path/../Frameworks $(PROJECT_DIR)/libs/frameworks";
				LIBRARY_SEARCH_PATHS = (
					"$(inherited)",
					"$(PROJECT_DIR)",
					/usr/local/lib,
					"$(PROJECT_DIR)/3rdParty/darwin",
				);
				MACOSX_DEPLOYMENT_TARGET = 10.12;
				ONLY_ACTIVE_ARCH = NO;
				OTHER_CPLUSPLUSFLAGS = (
					"-DNDEBUG",
					"-Wall",
					"-Wextra",
					"-Wno-multichar",
					"-Wno-write-strings",
					"-Wno-unused-parameter",
					"-Wno-parentheses",
					"-Wno-logical-op-parentheses",
					"-Wno-bitwise-op-parentheses",
					"-Wno-ignored-attributes",
					"-Wno-unknown-pragmas",
					"'-std=c++14'",
				);
				OTHER_LDFLAGS = (
					"-liconv",
					"-Wl,-search_paths_first",
					"-Wl,-headerpad_max_install_names",
					/usr/local/lib/libsodium.a,
				);
				PRODUCT_BUNDLE_IDENTIFIER = deviution.devilutionX;
				PRODUCT_NAME = "$(TARGET_NAME)";
				SDKROOT = macosx10.13;
				STRIP_STYLE = all;
				SYMROOT = "$(PROJECT_DIR)/build";
				SYSTEM_FRAMEWORK_SEARCH_PATHS = "$(PROJECT_DIR)/libs/frameworks";
				SYSTEM_HEADER_SEARCH_PATHS = "/usr/local/include /usr/local/include/sodium $(PROJECT_DIR)/libs/frameworks/SDL2.framework/Headers $(PROJECT_DIR)/libs/frameworks/SDL2_ttf.framework/Headers $(PROJECT_DIR)/libs/frameworks/SDL2_mixer.framework/Headers";
				USER_HEADER_SEARCH_PATHS = "";
				VALID_ARCHS = i386;
				WARNING_CFLAGS = (
					"-Wmost",
					"-Wno-four-char-constants",
					"-Wno-unknown-pragmas",
					"$(inherited)",
				);
			};
			name = Release;
		};
		7E84C229081641C2ADD91D40 /* Debug */ = {
			isa = XCBuildConfiguration;
			buildSettings = {
				ARCHS = (
					"$(ARCHS_STANDARD)",
					i386,
				);
				COMBINE_HIDPI_IMAGES = YES;
				EXECUTABLE_PREFIX = lib;
				EXECUTABLE_SUFFIX = .a;
				GCC_GENERATE_DEBUGGING_SYMBOLS = YES;
				GCC_INLINES_ARE_PRIVATE_EXTERN = NO;
				GCC_OPTIMIZATION_LEVEL = 0;
				GCC_PREPROCESSOR_DEFINITIONS = (
					DEVILUTION_ENGINE,
					DEVILUTION_STUB,
					_DEBUG,
					FASTER,
				);
				GCC_SYMBOLS_PRIVATE_EXTERN = NO;
				HEADER_SEARCH_PATHS = "$(SRCROOT)/SourceS";
				INSTALL_PATH = "";
				LIBRARY_STYLE = STATIC;
				MACOSX_DEPLOYMENT_TARGET = 10.13;
				ONLY_ACTIVE_ARCH = NO;
				OTHER_CPLUSPLUSFLAGS = (
					"-fno-omit-frame-pointer",
					"-fpermissive",
					"-Wno-write-strings",
					"-Wno-multichar",
					"-w",
					"-fno-strict-aliasing",
					"-Wno-unknown-pragmas",
					"-fms-extensions",
					"-fms-compatibility",
					"'-fms-compatibility-version=19.00'",
					"-Wno-narrowing",
					"'-std=c++14'",
				);
				OTHER_LIBTOOLFLAGS = " ";
				OTHER_REZFLAGS = "";
				PRODUCT_NAME = devilution;
				SDKROOT = macosx10.13;
				SECTORDER_FLAGS = "";
				SYMROOT = "$(SRCROOT)//build";
				USE_HEADERMAP = NO;
				WARNING_CFLAGS = (
					"-Wmost",
					"-Wno-four-char-constants",
					"-Wno-unknown-pragmas",
					"$(inherited)",
				);
			};
			name = Debug;
		};
		A680D30B982E406391897F2C /* Release */ = {
			isa = XCBuildConfiguration;
			buildSettings = {
				ARCHS = (
					"$(ARCHS_STANDARD)",
					i386,
				);
				COMBINE_HIDPI_IMAGES = YES;
				EXECUTABLE_PREFIX = lib;
				EXECUTABLE_SUFFIX = .a;
				GCC_GENERATE_DEBUGGING_SYMBOLS = NO;
				GCC_INLINES_ARE_PRIVATE_EXTERN = NO;
				GCC_OPTIMIZATION_LEVEL = 0;
				GCC_PREPROCESSOR_DEFINITIONS = "";
				GCC_SYMBOLS_PRIVATE_EXTERN = NO;
				INSTALL_PATH = "";
				LIBRARY_STYLE = STATIC;
				MACOSX_DEPLOYMENT_TARGET = 10.13;
				ONLY_ACTIVE_ARCH = NO;
				OTHER_CFLAGS = (
					"-DNDEBUG",
					" ",
				);
				OTHER_LIBTOOLFLAGS = " ";
				OTHER_REZFLAGS = "";
				PRODUCT_NAME = smacker;
				SDKROOT = macosx10.13;
				SECTORDER_FLAGS = "";
				SYMROOT = "$(SRCROOT)/build";
				USE_HEADERMAP = NO;
				WARNING_CFLAGS = (
					"-Wmost",
					"-Wno-four-char-constants",
					"-Wno-unknown-pragmas",
					"$(inherited)",
				);
			};
			name = Release;
		};
		B0AA326A39FD46EA90E99B63 /* Debug */ = {
			isa = XCBuildConfiguration;
			buildSettings = {
				ARCHS = (
					"$(ARCHS_STANDARD)",
					i386,
				);
				MACOSX_DEPLOYMENT_TARGET = 10.13;
				ONLY_ACTIVE_ARCH = NO;
				SDKROOT = macosx10.13;
				SYMROOT = "$(SRCROOT)/build";
			};
			name = Debug;
		};
		B238D5DF0A7A45F6B88AA4D6 /* Release */ = {
			isa = XCBuildConfiguration;
			buildSettings = {
				ARCHS = (
					"$(ARCHS_STANDARD)",
					i386,
				);
				COMBINE_HIDPI_IMAGES = YES;
				EXECUTABLE_PREFIX = lib;
				EXECUTABLE_SUFFIX = .a;
				GCC_GENERATE_DEBUGGING_SYMBOLS = NO;
				GCC_INLINES_ARE_PRIVATE_EXTERN = NO;
				GCC_OPTIMIZATION_LEVEL = 0;
				GCC_PREPROCESSOR_DEFINITIONS = "";
				GCC_SYMBOLS_PRIVATE_EXTERN = NO;
				INSTALL_PATH = "";
				LIBRARY_STYLE = STATIC;
				MACOSX_DEPLOYMENT_TARGET = 10.13;
				ONLY_ACTIVE_ARCH = NO;
				OTHER_CPLUSPLUSFLAGS = (
					"-DNDEBUG",
					"'-std=c++14'",
				);
				OTHER_LIBTOOLFLAGS = " ";
				OTHER_REZFLAGS = "";
				PRODUCT_NAME = StormLib;
				SDKROOT = macosx10.13;
				SECTORDER_FLAGS = "";
				SYMROOT = "$(SRCROOT)/build";
				USE_HEADERMAP = NO;
				WARNING_CFLAGS = (
					"-Wmost",
					"-Wno-four-char-constants",
					"-Wno-unknown-pragmas",
					"$(inherited)",
				);
			};
			name = Release;
		};
		B30650845F614E48B971246A /* Release */ = {
			isa = XCBuildConfiguration;
			buildSettings = {
				ARCHS = (
					"$(ARCHS_STANDARD)",
					i386,
				);
				COMBINE_HIDPI_IMAGES = YES;
				EXECUTABLE_PREFIX = lib;
				EXECUTABLE_SUFFIX = .a;
				GCC_GENERATE_DEBUGGING_SYMBOLS = NO;
				GCC_INLINES_ARE_PRIVATE_EXTERN = NO;
				GCC_OPTIMIZATION_LEVEL = 0;
				GCC_PREPROCESSOR_DEFINITIONS = (
					DEVILUTION_ENGINE,
					DEVILUTION_STUB,
					_DEBUG,
					FASTER,
				);
				GCC_SYMBOLS_PRIVATE_EXTERN = NO;
				HEADER_SEARCH_PATHS = "$(SRCROOT)/SourceS";
				INSTALL_PATH = "";
				LIBRARY_STYLE = STATIC;
				MACOSX_DEPLOYMENT_TARGET = 10.13;
				ONLY_ACTIVE_ARCH = NO;
				OTHER_CPLUSPLUSFLAGS = (
					"-DNDEBUG",
					"-fpermissive",
					"-Wno-write-strings",
					"-Wno-multichar",
					"-w",
					"-fno-strict-aliasing",
					"-Wno-unknown-pragmas",
					"-fms-extensions",
					"-fms-compatibility",
					"'-fms-compatibility-version=19.00'",
					"-Wno-narrowing",
					"'-std=c++14'",
				);
				OTHER_LIBTOOLFLAGS = " ";
				OTHER_REZFLAGS = "";
				PRODUCT_NAME = devilution;
				SDKROOT = macosx10.13;
				SECTORDER_FLAGS = "";
				SYMROOT = "$(SRCROOT)//build";
				USE_HEADERMAP = NO;
				WARNING_CFLAGS = (
					"-Wmost",
					"-Wno-four-char-constants",
					"-Wno-unknown-pragmas",
					"$(inherited)",
				);
			};
			name = Release;
		};
		BAE593C92EEC43139E0B9396 /* Debug */ = {
			isa = XCBuildConfiguration;
			buildSettings = {
				ARCHS = (
					"$(ARCHS_STANDARD)",
					i386,
				);
				COMBINE_HIDPI_IMAGES = YES;
				EXECUTABLE_PREFIX = lib;
				EXECUTABLE_SUFFIX = .a;
				GCC_GENERATE_DEBUGGING_SYMBOLS = YES;
				GCC_INLINES_ARE_PRIVATE_EXTERN = NO;
				GCC_OPTIMIZATION_LEVEL = 0;
				GCC_PREPROCESSOR_DEFINITIONS = "";
				GCC_SYMBOLS_PRIVATE_EXTERN = NO;
				INSTALL_PATH = "";
				LIBRARY_STYLE = STATIC;
				MACOSX_DEPLOYMENT_TARGET = 10.13;
				ONLY_ACTIVE_ARCH = NO;
				OTHER_CPLUSPLUSFLAGS = (
					"'-std=c++14'",
					" ",
				);
				OTHER_LIBTOOLFLAGS = " ";
				OTHER_REZFLAGS = "";
				PRODUCT_NAME = PKWare;
				SDKROOT = macosx10.13;
				SECTORDER_FLAGS = "";
				SYMROOT = "$(SRCROOT)/build";
				USE_HEADERMAP = NO;
				WARNING_CFLAGS = (
					"-Wmost",
					"-Wno-four-char-constants",
					"-Wno-unknown-pragmas",
					"$(inherited)",
				);
			};
			name = Debug;
		};
		BC1EDD41314F4EF0BAA11DE7 /* Release */ = {
			isa = XCBuildConfiguration;
			buildSettings = {
				ARCHS = (
					"$(ARCHS_STANDARD)",
					i386,
				);
				COMBINE_HIDPI_IMAGES = YES;
				EXECUTABLE_PREFIX = lib;
				EXECUTABLE_SUFFIX = .a;
				GCC_GENERATE_DEBUGGING_SYMBOLS = NO;
				GCC_INLINES_ARE_PRIVATE_EXTERN = NO;
				GCC_OPTIMIZATION_LEVEL = 0;
				GCC_PREPROCESSOR_DEFINITIONS = "";
				GCC_SYMBOLS_PRIVATE_EXTERN = NO;
				INSTALL_PATH = "";
				LIBRARY_STYLE = STATIC;
				MACOSX_DEPLOYMENT_TARGET = 10.13;
				ONLY_ACTIVE_ARCH = NO;
				OTHER_CPLUSPLUSFLAGS = (
					"-DNDEBUG",
					"'-std=c++14'",
				);
				OTHER_LIBTOOLFLAGS = " ";
				OTHER_REZFLAGS = "";
				PRODUCT_NAME = PKWare;
				SDKROOT = macosx10.13;
				SECTORDER_FLAGS = "";
				SYMROOT = "$(SRCROOT)/build";
				USE_HEADERMAP = NO;
				WARNING_CFLAGS = (
					"-Wmost",
					"-Wno-four-char-constants",
					"-Wno-unknown-pragmas",
					"$(inherited)",
				);
			};
			name = Release;
		};
		D67B3F354B074C5DAF64C9C0 /* Debug */ = {
			isa = XCBuildConfiguration;
			buildSettings = {
				ARCHS = (
					"$(ARCHS_STANDARD)",
					i386,
				);
				COMBINE_HIDPI_IMAGES = YES;
				EXECUTABLE_PREFIX = lib;
				EXECUTABLE_SUFFIX = .a;
				GCC_GENERATE_DEBUGGING_SYMBOLS = YES;
				GCC_INLINES_ARE_PRIVATE_EXTERN = NO;
				GCC_OPTIMIZATION_LEVEL = 0;
				GCC_PREPROCESSOR_DEFINITIONS = "";
				GCC_SYMBOLS_PRIVATE_EXTERN = NO;
				INSTALL_PATH = "";
				LIBRARY_STYLE = STATIC;
				MACOSX_DEPLOYMENT_TARGET = 10.13;
				ONLY_ACTIVE_ARCH = NO;
				OTHER_CFLAGS = "    ";
				OTHER_LIBTOOLFLAGS = " ";
				OTHER_REZFLAGS = "";
				PRODUCT_NAME = smacker;
				SDKROOT = macosx10.13;
				SECTORDER_FLAGS = "";
				SYMROOT = "$(SRCROOT)/build";
				USE_HEADERMAP = NO;
				WARNING_CFLAGS = (
					"-Wmost",
					"-Wno-four-char-constants",
					"-Wno-unknown-pragmas",
					"$(inherited)",
				);
			};
			name = Debug;
		};
		E4B95ABCB9A243F7AA080DCF /* Debug */ = {
			isa = XCBuildConfiguration;
			buildSettings = {
				ARCHS = (
					"$(ARCHS_STANDARD)",
					i386,
				);
				COMBINE_HIDPI_IMAGES = YES;
				EXECUTABLE_PREFIX = lib;
				EXECUTABLE_SUFFIX = .a;
				GCC_GENERATE_DEBUGGING_SYMBOLS = YES;
				GCC_INLINES_ARE_PRIVATE_EXTERN = NO;
				GCC_OPTIMIZATION_LEVEL = 0;
				GCC_PREPROCESSOR_DEFINITIONS = "";
				GCC_SYMBOLS_PRIVATE_EXTERN = NO;
				INSTALL_PATH = "";
				LIBRARY_STYLE = STATIC;
				MACOSX_DEPLOYMENT_TARGET = 10.13;
				ONLY_ACTIVE_ARCH = NO;
				OTHER_CPLUSPLUSFLAGS = (
					"'-std=c++14'",
					" ",
				);
				OTHER_LIBTOOLFLAGS = " ";
				OTHER_REZFLAGS = "";
				PRODUCT_NAME = StormLib;
				SDKROOT = macosx10.13;
				SECTORDER_FLAGS = "";
				SYMROOT = "$(SRCROOT)/build";
				USE_HEADERMAP = NO;
				WARNING_CFLAGS = (
					"-Wmost",
					"-Wno-four-char-constants",
					"-Wno-unknown-pragmas",
					"$(inherited)",
				);
			};
			name = Debug;
		};
		F2756E2364B146E986697453 /* Release */ = {
			isa = XCBuildConfiguration;
			buildSettings = {
				ARCHS = (
					"$(ARCHS_STANDARD)",
					i386,
				);
				MACOSX_DEPLOYMENT_TARGET = 10.13;
				ONLY_ACTIVE_ARCH = NO;
				SDKROOT = macosx10.13;
				SYMROOT = "$(SRCROOT)/build";
			};
			name = Release;
		};
/* End XCBuildConfiguration section */

/* Begin XCConfigurationList section */
		162A6B8FECE24737896DF9D5 /* Build configuration list for PBXNativeTarget "devilution" */ = {
			isa = XCConfigurationList;
			buildConfigurations = (
				7E84C229081641C2ADD91D40 /* Debug */,
				B30650845F614E48B971246A /* Release */,
			);
			defaultConfigurationIsVisible = 0;
			defaultConfigurationName = Debug;
		};
		23DD3448EB57437FBEFBC377 /* Build configuration list for PBXNativeTarget "Radon" */ = {
			isa = XCConfigurationList;
			buildConfigurations = (
				28E8B2DA13AF4D7AA5D60FFC /* Debug */,
				006FF72AA7574ACEB9316F6B /* Release */,
			);
			defaultConfigurationIsVisible = 0;
			defaultConfigurationName = Debug;
		};
		43BF58C72235DEBA001F9748 /* Build configuration list for PBXNativeTarget "devilutionX" */ = {
			isa = XCConfigurationList;
			buildConfigurations = (
				43BF58C32235DEBA001F9748 /* Debug */,
				43BF58C42235DEBA001F9748 /* Release */,
			);
			defaultConfigurationIsVisible = 0;
			defaultConfigurationName = Debug;
		};
		9BC44C18FD844BCA81EFBC2A /* Build configuration list for PBXNativeTarget "PKWare" */ = {
			isa = XCConfigurationList;
			buildConfigurations = (
				BAE593C92EEC43139E0B9396 /* Debug */,
				BC1EDD41314F4EF0BAA11DE7 /* Release */,
			);
			defaultConfigurationIsVisible = 0;
			defaultConfigurationName = Debug;
		};
		E86850B007D64E4BBB3FB131 /* Build configuration list for PBXNativeTarget "smacker" */ = {
			isa = XCConfigurationList;
			buildConfigurations = (
				D67B3F354B074C5DAF64C9C0 /* Debug */,
				A680D30B982E406391897F2C /* Release */,
			);
			defaultConfigurationIsVisible = 0;
			defaultConfigurationName = Debug;
		};
		EB25CC9FEC7E43D7B97D601E /* Build configuration list for PBXNativeTarget "StormLib" */ = {
			isa = XCConfigurationList;
			buildConfigurations = (
				E4B95ABCB9A243F7AA080DCF /* Debug */,
				B238D5DF0A7A45F6B88AA4D6 /* Release */,
			);
			defaultConfigurationIsVisible = 0;
			defaultConfigurationName = Debug;
		};
		FDF9B493085A445C94F9DFB4 /* Build configuration list for PBXProject "devilutionX" */ = {
			isa = XCConfigurationList;
			buildConfigurations = (
				B0AA326A39FD46EA90E99B63 /* Debug */,
				F2756E2364B146E986697453 /* Release */,
			);
			defaultConfigurationIsVisible = 0;
			defaultConfigurationName = Debug;
		};
/* End XCConfigurationList section */
	};
	rootObject = E0429BFFD232408CA26C47C4 /* Project object */;
}
